PODS:
  - AEPCore (3.0.0-beta.3):
    - AEPRulesEngine (= 1.0.0-beta.2)
    - AEPServices (= 3.0.0-beta.3)
  - AEPIdentity (3.0.0-beta.3):
    - AEPCore (= 3.0.0-beta.3)
  - AEPRulesEngine (1.0.0-beta.2)
  - AEPServices (3.0.0-beta.3)

DEPENDENCIES:
  - AEPCore (from `https://github.com/adobe/aepsdk-core-ios.git`, branch `main`)
  - AEPIdentity (from `https://github.com/adobe/aepsdk-core-ios.git`, branch `main`)
  - AEPRulesEngine (from `https://github.com/adobe/aepsdk-rulesengine-ios.git`, branch `main`)
  - AEPServices (from `https://github.com/adobe/aepsdk-core-ios.git`, branch `main`)

EXTERNAL SOURCES:
  AEPCore:
    :branch: main
    :git: https://github.com/adobe/aepsdk-core-ios.git
  AEPIdentity:
    :branch: main
    :git: https://github.com/adobe/aepsdk-core-ios.git
  AEPRulesEngine:
    :branch: main
    :git: https://github.com/adobe/aepsdk-rulesengine-ios.git
  AEPServices:
    :branch: main
    :git: https://github.com/adobe/aepsdk-core-ios.git

CHECKOUT OPTIONS:
  AEPCore:
    :commit: 9da61360f4340907830146dc7db42933b619c398
    :git: https://github.com/adobe/aepsdk-core-ios.git
  AEPIdentity:
    :commit: 9da61360f4340907830146dc7db42933b619c398
    :git: https://github.com/adobe/aepsdk-core-ios.git
  AEPRulesEngine:
    :commit: 151df7075de461c492c192a43eefa582cd7311df
    :git: https://github.com/adobe/aepsdk-rulesengine-ios.git
  AEPServices:
    :commit: 9da61360f4340907830146dc7db42933b619c398
    :git: https://github.com/adobe/aepsdk-core-ios.git

SPEC CHECKSUMS:
  AEPCore: c62d1074c0ebd417ebfbeb9b11d286806790df4f
  AEPIdentity: c12d43c0d5ee86fda700c8a496cb7f50b07186de
  AEPRulesEngine: bc77ec533b584fd353b616063601d4d8c9401089
  AEPServices: 4637295cefaebecfce6b0e7496b6e15a05a245c8

PODFILE CHECKSUM: 63ec015943924a919b966906435edec8d87a9b4d

COCOAPODS: 1.10.0
