PODS:
  - ACPCore (2.9.9):
    - AEPCore
    - AEPIdentity
    - AEPLifecycle
    - AEPRulesEngine
    - AEPServices
    - AEPSignal
  - AEPAssurance (1.1.2):
    - ACPCore (>= 2.9.0)
    - AEPAssurance/xcframeworks (= 1.1.2)
  - AEPAssurance/xcframeworks (1.1.2):
    - ACPCore (>= 2.9.0)
  - AEPCore (3.2.0):
    - AEPRulesEngine (= 1.0.1)
    - AEPServices (= 3.2.0)
  - AEPIdentity (3.2.0):
    - AEPCore (= 3.2.0)
  - AEPLifecycle (3.2.0):
    - AEPCore (= 3.2.0)
  - AEPRulesEngine (1.0.1)
  - AEPServices (3.2.0)
  - AEPSignal (3.2.0):
    - AEPCore (= 3.2.0)

DEPENDENCIES:
  - ACPCore (from `https://github.com/adobe/aepsdk-compatibility-ios.git`, branch `main`)
  - AEPAssurance
  - AEPCore
  - AEPIdentity
  - AEPRulesEngine
  - AEPServices

SPEC REPOS:
  trunk:
    - AEPAssurance
    - AEPCore
    - AEPIdentity
    - AEPLifecycle
    - AEPRulesEngine
    - AEPServices
    - AEPSignal

EXTERNAL SOURCES:
  ACPCore:
    :branch: main
    :git: https://github.com/adobe/aepsdk-compatibility-ios.git

CHECKOUT OPTIONS:
  ACPCore:
    :commit: c43675de0c97ee76fd51b005e8c9cdc7515e4a78
    :git: https://github.com/adobe/aepsdk-compatibility-ios.git

SPEC CHECKSUMS:
  ACPCore: 67e4b855bf16cfb6a63024a4ddb73d15c0fd30e5
  AEPAssurance: c53056ea40b3566b36f7340c5f779624c1ef6359
  AEPCore: 741e1ffb754d042919c37291dbec506bfd014598
  AEPIdentity: 7dd6a5dde51c942aab5acdb53b214c5de4f5fd0b
  AEPLifecycle: 64e0319f9fadc40fef0fae6ee4060927b4e4b6e4
  AEPRulesEngine: 5075ed294026a12e37bd26fe260f74604d205354
  AEPServices: 3120a4824903b60229644f84de35d49c502cda9c
  AEPSignal: b066f0f9a31dda84791451db9e54b1c648607092

PODFILE CHECKSUM: 2ddbb14ed25f791b436b5bc7d2eb4153cef5f1f5

COCOAPODS: 1.10.1
