PODS:
  - AEPCore (3.5.0):
    - AEPRulesEngine (>= 1.1.0)
    - AEPServices (>= 3.5.0)
  - AEPIdentity (3.5.0):
    - AEPCore (>= 3.5.0)
  - AEPLifecycle (3.5.0):
    - AEPCore (>= 3.5.0)
  - AEPRulesEngine (1.1.0)
  - AEPServices (3.5.0)
  - SwiftLint (0.44.0)

DEPENDENCIES:
  - AEPCore (from `~/code/MobileSDK/Forks/aepsdk-core-ios`)
  - AEPIdentity (from `~/code/MobileSDK/Forks/aepsdk-core-ios`)
  - AEPLifecycle (from `~/code/MobileSDK/Forks/aepsdk-core-ios`)
  - AEPRulesEngine
  - AEPServices (from `~/code/MobileSDK/Forks/aepsdk-core-ios`)
  - SwiftLint (= 0.44.0)

SPEC REPOS:
  trunk:
    - AEPRulesEngine
    - SwiftLint

EXTERNAL SOURCES:
  AEPCore:
    :path: "~/code/MobileSDK/Forks/aepsdk-core-ios"
  AEPIdentity:
    :path: "~/code/MobileSDK/Forks/aepsdk-core-ios"
  AEPLifecycle:
    :path: "~/code/MobileSDK/Forks/aepsdk-core-ios"
  AEPServices:
    :path: "~/code/MobileSDK/Forks/aepsdk-core-ios"

SPEC CHECKSUMS:
  AEPCore: a3b4159038df33b63ebdab227342cd57d8ded1b0
  AEPIdentity: d7745fc4df403b7281b18fa7df917e68f061c9b2
  AEPLifecycle: d3ff90c661c4452fb1c619e7f02dad8ba49a8fd2
  AEPRulesEngine: bb2927ed5501ddf9754c66e97f8d2b1cf8e33b19
  AEPServices: 2e869a387b67c04ab5f3f647026412ff410efbb0
  SwiftLint: e96c0a8c770c7ebbc4d36c55baf9096bb65c4584

PODFILE CHECKSUM: 94afb4f9961c1a57a39184b7b308fceb2d0e4c24

COCOAPODS: 1.11.2
