// !$*UTF8*$!
{
	archiveVersion = 1;
	classes = {
	};
	objectVersion = 51;
	objects = {

/* Begin PBXBuildFile section */
		2ED53FE9255F37A4000F0B23 /* AnalyticsHit.swift in Sources */ = {isa = PBXBuildFile; fileRef = 2ED53FE8255F37A4000F0B23 /* AnalyticsHit.swift */; };
		2ED53FED255F37B1000F0B23 /* AnalyticsHitProcessor.swift in Sources */ = {isa = PBXBuildFile; fileRef = 2ED53FEC255F37B1000F0B23 /* AnalyticsHitProcessor.swift */; };
		2FBC2E5752E860AAB4C519F1 /* Pods_AEPAnalytics.framework in Frameworks */ = {isa = PBXBuildFile; fileRef = 56DA22A3CE773DE7E7380769 /* Pods_AEPAnalytics.framework */; };
		3D1D45AD2537B0990053CB47 /* AnalyticsState.swift in Sources */ = {isa = PBXBuildFile; fileRef = 3D1D45AC2537B0990053CB47 /* AnalyticsState.swift */; };
		3D1D45AF25391B410053CB47 /* AnalyticsRequestSerializer.swift in Sources */ = {isa = PBXBuildFile; fileRef = 3D1D45AE25391B410053CB47 /* AnalyticsRequestSerializer.swift */; };
		3D1D45B625425F240053CB47 /* ContextDataUtil.swift in Sources */ = {isa = PBXBuildFile; fileRef = 3D1D45B525425F230053CB47 /* ContextDataUtil.swift */; };
		3DAA40BB2548C58100703509 /* ContextData.swift in Sources */ = {isa = PBXBuildFile; fileRef = 3DAA40BA2548C58100703509 /* ContextData.swift */; };
		3DBF23076C39DD73E2F0E701 /* Pods_AEPAnalyticsFunctionalTests.framework in Frameworks */ = {isa = PBXBuildFile; fileRef = 1FA80748307DC427902C440F /* Pods_AEPAnalyticsFunctionalTests.framework */; };
		3DCDB3DF252E853200ABA819 /* AnalyticsProperties.swift in Sources */ = {isa = PBXBuildFile; fileRef = 3DCDB3DE252E853200ABA819 /* AnalyticsProperties.swift */; };
		3DD8E6FC256F0BC2009234FD /* AnalyticsTimer.swift in Sources */ = {isa = PBXBuildFile; fileRef = 3DD8E6FB256F0BC2009234FD /* AnalyticsTimer.swift */; };
		80040470C87BDF5145139B30 /* Pods_AnalyticsSampleApp.framework in Frameworks */ = {isa = PBXBuildFile; fileRef = 0E355386B606F5D58291BC54 /* Pods_AnalyticsSampleApp.framework */; };
		9598E5DF262E9C8D000BF31A /* AEPAnalytics.framework in CopyFiles */ = {isa = PBXBuildFile; fileRef = 2EBEE7702525A35400880E72 /* AEPAnalytics.framework */; settings = {ATTRIBUTES = (CodeSignOnCopy, RemoveHeadersOnCopy, ); }; };
		9973631F691E3A9D5F8D37D6 /* Pods_AEPAnalyticsUnitTests.framework in Frameworks */ = {isa = PBXBuildFile; fileRef = 47CCE7FD8C2C3B63390649D7 /* Pods_AEPAnalyticsUnitTests.framework */; };
		AC0BF6D225CDAA5900182896 /* AnalyticsMigrator.swift in Sources */ = {isa = PBXBuildFile; fileRef = AC0BF6D125CDAA5800182896 /* AnalyticsMigrator.swift */; };
		AC0BF6F725CE1B3E00182896 /* AnalyticsDatabase.swift in Sources */ = {isa = PBXBuildFile; fileRef = AC0BF6F625CE1B3E00182896 /* AnalyticsDatabase.swift */; };
		AC0BF70D25D46B8400182896 /* AnalyticsHelper.swift in Sources */ = {isa = PBXBuildFile; fileRef = AC0BF70C25D46B8400182896 /* AnalyticsHelper.swift */; };
		AC26B11E25E76782008AC68F /* AnalyticsHitReorderTests.swift in Sources */ = {isa = PBXBuildFile; fileRef = AC26B11C25E76782008AC68F /* AnalyticsHitReorderTests.swift */; };
		AC26B11F25E76782008AC68F /* AnalyticsTrack+ConfigurationTests.swift in Sources */ = {isa = PBXBuildFile; fileRef = AC26B11D25E76782008AC68F /* AnalyticsTrack+ConfigurationTests.swift */; };
		AC26B14125E8BDCF008AC68F /* URL+Analytics.swift in Sources */ = {isa = PBXBuildFile; fileRef = AC26B14025E8BDCE008AC68F /* URL+Analytics.swift */; };
		AC26B15025E8CAA0008AC68F /* URL+AnalyticsTests.swift in Sources */ = {isa = PBXBuildFile; fileRef = AC26B14A25E8CA48008AC68F /* URL+AnalyticsTests.swift */; };
		AC277CFE252C23E600987C67 /* Analytics.swift in Sources */ = {isa = PBXBuildFile; fileRef = AC277CF5252C23E600987C67 /* Analytics.swift */; };
		AC277CFF252C23E600987C67 /* AnalyticsConstants.swift in Sources */ = {isa = PBXBuildFile; fileRef = AC277CF6252C23E600987C67 /* AnalyticsConstants.swift */; };
		AC277D00252C23E600987C67 /* AEPAnalytics.h in Headers */ = {isa = PBXBuildFile; fileRef = AC277CF7252C23E600987C67 /* AEPAnalytics.h */; settings = {ATTRIBUTES = (Public, ); }; };
		AC277D01252C23E600987C67 /* Analytics+PublicAPI.swift in Sources */ = {isa = PBXBuildFile; fileRef = AC277CF8252C23E600987C67 /* Analytics+PublicAPI.swift */; };
		AC73D32725E5C8730068AB96 /* AnalyticsMigratorTests.swift in Sources */ = {isa = PBXBuildFile; fileRef = AC73D30C25E5C8730068AB96 /* AnalyticsMigratorTests.swift */; };
		AC73D32925E5C8730068AB96 /* AnalyticsDatabaseTests.swift in Sources */ = {isa = PBXBuildFile; fileRef = AC73D30E25E5C8730068AB96 /* AnalyticsDatabaseTests.swift */; };
		AC73D32A25E5C8730068AB96 /* AnalyticsHitProcessorTests.swift in Sources */ = {isa = PBXBuildFile; fileRef = AC73D30F25E5C8730068AB96 /* AnalyticsHitProcessorTests.swift */; };
		AC73D32B25E5C8730068AB96 /* AnalyticsStateTests.swift in Sources */ = {isa = PBXBuildFile; fileRef = AC73D31025E5C8730068AB96 /* AnalyticsStateTests.swift */; };
		AC73D32C25E5C8730068AB96 /* AnalyticsVersionTests.swift in Sources */ = {isa = PBXBuildFile; fileRef = AC73D31125E5C8730068AB96 /* AnalyticsVersionTests.swift */; };
		AC73D32D25E5C8730068AB96 /* AnalyticsAPITests.swift in Sources */ = {isa = PBXBuildFile; fileRef = AC73D31225E5C8730068AB96 /* AnalyticsAPITests.swift */; };
		AC73D32E25E5C8730068AB96 /* ContextDataUtilTests.swift in Sources */ = {isa = PBXBuildFile; fileRef = AC73D31325E5C8730068AB96 /* ContextDataUtilTests.swift */; };
		AC73D32F25E5C8730068AB96 /* AnalyticsPropertiesTest.swift in Sources */ = {isa = PBXBuildFile; fileRef = AC73D31425E5C8730068AB96 /* AnalyticsPropertiesTest.swift */; };
		AC73D33025E5C8730068AB96 /* AnalyticsRequestSerializerTests.swift in Sources */ = {isa = PBXBuildFile; fileRef = AC73D31525E5C8730068AB96 /* AnalyticsRequestSerializerTests.swift */; };
		AC73D33125E5C8730068AB96 /* AnalyticsTestConstants.swift in Sources */ = {isa = PBXBuildFile; fileRef = AC73D31725E5C8730068AB96 /* AnalyticsTestConstants.swift */; };
		AC73D33225E5C8730068AB96 /* MockDataQueuing.swift in Sources */ = {isa = PBXBuildFile; fileRef = AC73D31825E5C8730068AB96 /* MockDataQueuing.swift */; };
		AC73D33325E5C8730068AB96 /* TestableExtensionRuntime.swift in Sources */ = {isa = PBXBuildFile; fileRef = AC73D31925E5C8730068AB96 /* TestableExtensionRuntime.swift */; };
		AC73D33425E5C8730068AB96 /* .swiftlint.yml in Resources */ = {isa = PBXBuildFile; fileRef = AC73D31A25E5C8730068AB96 /* .swiftlint.yml */; };
		AC73D33525E5C8730068AB96 /* MockNetworking.swift in Sources */ = {isa = PBXBuildFile; fileRef = AC73D31B25E5C8730068AB96 /* MockNetworking.swift */; };
		AC73D33725E5C8730068AB96 /* MockHitProcessor.swift in Sources */ = {isa = PBXBuildFile; fileRef = AC73D31D25E5C8730068AB96 /* MockHitProcessor.swift */; };
		AC73D33825E5C8730068AB96 /* AnalyticsRequestHelper.swift in Sources */ = {isa = PBXBuildFile; fileRef = AC73D31E25E5C8730068AB96 /* AnalyticsRequestHelper.swift */; };
		AC73D33925E5C8730068AB96 /* MockExtension.swift in Sources */ = {isa = PBXBuildFile; fileRef = AC73D31F25E5C8730068AB96 /* MockExtension.swift */; };
		AC73D33A25E5C8730068AB96 /* MockDataStore.swift in Sources */ = {isa = PBXBuildFile; fileRef = AC73D32025E5C8730068AB96 /* MockDataStore.swift */; };
		AC73D33B25E5C8730068AB96 /* MockDataQueue.swift in Sources */ = {isa = PBXBuildFile; fileRef = AC73D32125E5C8730068AB96 /* MockDataQueue.swift */; };
		AC73D33C25E5C8730068AB96 /* TestHelper.swift in Sources */ = {isa = PBXBuildFile; fileRef = AC73D32225E5C8730068AB96 /* TestHelper.swift */; };
		AC73D33D25E5C8730068AB96 /* TestUtils.swift in Sources */ = {isa = PBXBuildFile; fileRef = AC73D32325E5C8730068AB96 /* TestUtils.swift */; };
		AC73D3BB25E6F4E50068AB96 /* AEPAnalytics.framework in Frameworks */ = {isa = PBXBuildFile; fileRef = 2EBEE7702525A35400880E72 /* AEPAnalytics.framework */; };
		AC73D3CD25E6F5010068AB96 /* AnalyticsTrack+LifecycleTests.swift in Sources */ = {isa = PBXBuildFile; fileRef = AC73D39125E6F4160068AB96 /* AnalyticsTrack+LifecycleTests.swift */; };
		AC73D3CE25E6F5010068AB96 /* AnalyticsTrack+PlacesTests.swift in Sources */ = {isa = PBXBuildFile; fileRef = AC73D39425E6F4160068AB96 /* AnalyticsTrack+PlacesTests.swift */; };
		AC73D3D025E6F5010068AB96 /* AnalyticsIDTests.swift in Sources */ = {isa = PBXBuildFile; fileRef = AC73D39325E6F4160068AB96 /* AnalyticsIDTests.swift */; };
		AC73D3D125E6F5010068AB96 /* AnalyticsTrack+AssuranceTests.swift in Sources */ = {isa = PBXBuildFile; fileRef = AC73D38E25E6F4160068AB96 /* AnalyticsTrack+AssuranceTests.swift */; };
		AC73D3D225E6F5010068AB96 /* AnalyticsQueueTests.swift in Sources */ = {isa = PBXBuildFile; fileRef = AC73D39025E6F4160068AB96 /* AnalyticsQueueTests.swift */; };
		AC73D3D325E6F5010068AB96 /* AnalyticsFunctionalTestBase.swift in Sources */ = {isa = PBXBuildFile; fileRef = AC73D39525E6F4160068AB96 /* AnalyticsFunctionalTestBase.swift */; };
		AC73D3D425E6F5010068AB96 /* AnalyticsConsequenceTests.swift in Sources */ = {isa = PBXBuildFile; fileRef = AC73D38F25E6F4160068AB96 /* AnalyticsConsequenceTests.swift */; };
		AC73D3DD25E6F5060068AB96 /* MockHitProcessor.swift in Sources */ = {isa = PBXBuildFile; fileRef = AC73D31D25E5C8730068AB96 /* MockHitProcessor.swift */; };
		AC73D3DE25E6F5060068AB96 /* TestHelper.swift in Sources */ = {isa = PBXBuildFile; fileRef = AC73D32225E5C8730068AB96 /* TestHelper.swift */; };
		AC73D3DF25E6F5060068AB96 /* MockExtension.swift in Sources */ = {isa = PBXBuildFile; fileRef = AC73D31F25E5C8730068AB96 /* MockExtension.swift */; };
		AC73D3E025E6F5060068AB96 /* TestableExtensionRuntime.swift in Sources */ = {isa = PBXBuildFile; fileRef = AC73D31925E5C8730068AB96 /* TestableExtensionRuntime.swift */; };
		AC73D3E125E6F5060068AB96 /* MockNetworking.swift in Sources */ = {isa = PBXBuildFile; fileRef = AC73D31B25E5C8730068AB96 /* MockNetworking.swift */; };
		AC73D3E225E6F5060068AB96 /* AnalyticsRequestHelper.swift in Sources */ = {isa = PBXBuildFile; fileRef = AC73D31E25E5C8730068AB96 /* AnalyticsRequestHelper.swift */; };
		AC73D3E325E6F5060068AB96 /* AnalyticsTestConstants.swift in Sources */ = {isa = PBXBuildFile; fileRef = AC73D31725E5C8730068AB96 /* AnalyticsTestConstants.swift */; };
		AC73D3E525E6F5060068AB96 /* MockDataStore.swift in Sources */ = {isa = PBXBuildFile; fileRef = AC73D32025E5C8730068AB96 /* MockDataStore.swift */; };
		AC73D3E625E6F5060068AB96 /* TestUtils.swift in Sources */ = {isa = PBXBuildFile; fileRef = AC73D32325E5C8730068AB96 /* TestUtils.swift */; };
		AC73D3E725E6F5060068AB96 /* MockDataQueue.swift in Sources */ = {isa = PBXBuildFile; fileRef = AC73D32125E5C8730068AB96 /* MockDataQueue.swift */; };
		AC73D3E825E6F5060068AB96 /* MockDataQueuing.swift in Sources */ = {isa = PBXBuildFile; fileRef = AC73D31825E5C8730068AB96 /* MockDataQueuing.swift */; };
		AC73D40D25E7016F0068AB96 /* AnalyticsTrackTests.swift in Sources */ = {isa = PBXBuildFile; fileRef = AC73D39225E6F4160068AB96 /* AnalyticsTrackTests.swift */; };
		D639E23625B8B25600955FBA /* AnalyticsVersion.swift in Sources */ = {isa = PBXBuildFile; fileRef = D639E23525B8B25600955FBA /* AnalyticsVersion.swift */; };
		D67AC98C2578285F000FA306 /* AnalyticsHitResponse.swift in Sources */ = {isa = PBXBuildFile; fileRef = D67AC98B2578285F000FA306 /* AnalyticsHitResponse.swift */; };
		D6C7406625E6C5C100D1040C /* README.md in Resources */ = {isa = PBXBuildFile; fileRef = D6C7406525E6C5C100D1040C /* README.md */; };
		D6D5F35925C8806D008148B3 /* AppDelegate.swift in Sources */ = {isa = PBXBuildFile; fileRef = D6D5F35825C8806D008148B3 /* AppDelegate.swift */; };
		D6D5F35B25C8806D008148B3 /* SceneDelegate.swift in Sources */ = {isa = PBXBuildFile; fileRef = D6D5F35A25C8806D008148B3 /* SceneDelegate.swift */; };
		D6D5F35D25C8806D008148B3 /* AnalyticsView.swift in Sources */ = {isa = PBXBuildFile; fileRef = D6D5F35C25C8806D008148B3 /* AnalyticsView.swift */; };
		D6D5F35F25C88070008148B3 /* Assets.xcassets in Resources */ = {isa = PBXBuildFile; fileRef = D6D5F35E25C88070008148B3 /* Assets.xcassets */; };
		D6D5F36225C88070008148B3 /* Preview Assets.xcassets in Resources */ = {isa = PBXBuildFile; fileRef = D6D5F36125C88070008148B3 /* Preview Assets.xcassets */; };
		D6D5F36525C88070008148B3 /* LaunchScreen.storyboard in Resources */ = {isa = PBXBuildFile; fileRef = D6D5F36325C88070008148B3 /* LaunchScreen.storyboard */; };
		D6F54EED2612452E000362D1 /* AnalyticsTrack+TargetTests.swift in Sources */ = {isa = PBXBuildFile; fileRef = D6F54EEC2612452E000362D1 /* AnalyticsTrack+TargetTests.swift */; };
/* End PBXBuildFile section */

/* Begin PBXContainerItemProxy section */
		2EBEE77B2525A35400880E72 /* PBXContainerItemProxy */ = {
			isa = PBXContainerItemProxy;
			containerPortal = 2EBEE7672525A35300880E72 /* Project object */;
			proxyType = 1;
			remoteGlobalIDString = 2EBEE76F2525A35300880E72;
			remoteInfo = AEPAnalytics;
		};
		AC73D3BC25E6F4E50068AB96 /* PBXContainerItemProxy */ = {
			isa = PBXContainerItemProxy;
			containerPortal = 2EBEE7672525A35300880E72 /* Project object */;
			proxyType = 1;
			remoteGlobalIDString = 2EBEE76F2525A35300880E72;
			remoteInfo = AEPAnalytics;
		};
		D6D5F38425C88465008148B3 /* PBXContainerItemProxy */ = {
			isa = PBXContainerItemProxy;
			containerPortal = 2EBEE7672525A35300880E72 /* Project object */;
			proxyType = 1;
			remoteGlobalIDString = 2EBEE76F2525A35300880E72;
			remoteInfo = AEPAnalytics;
		};
/* End PBXContainerItemProxy section */

/* Begin PBXCopyFilesBuildPhase section */
		9598E5DE262E9C73000BF31A /* CopyFiles */ = {
			isa = PBXCopyFilesBuildPhase;
			buildActionMask = 2147483647;
			dstPath = "";
			dstSubfolderSpec = 10;
			files = (
				9598E5DF262E9C8D000BF31A /* AEPAnalytics.framework in CopyFiles */,
			);
			runOnlyForDeploymentPostprocessing = 0;
		};
/* End PBXCopyFilesBuildPhase section */

/* Begin PBXFileReference section */
		0E355386B606F5D58291BC54 /* Pods_AnalyticsSampleApp.framework */ = {isa = PBXFileReference; explicitFileType = wrapper.framework; includeInIndex = 0; path = Pods_AnalyticsSampleApp.framework; sourceTree = BUILT_PRODUCTS_DIR; };
		1FA80748307DC427902C440F /* Pods_AEPAnalyticsFunctionalTests.framework */ = {isa = PBXFileReference; explicitFileType = wrapper.framework; includeInIndex = 0; path = Pods_AEPAnalyticsFunctionalTests.framework; sourceTree = BUILT_PRODUCTS_DIR; };
		20355BF005BB751B58D1150D /* Pods-AEPAnalyticsTests.debug.xcconfig */ = {isa = PBXFileReference; includeInIndex = 1; lastKnownFileType = text.xcconfig; name = "Pods-AEPAnalyticsTests.debug.xcconfig"; path = "Target Support Files/Pods-AEPAnalyticsTests/Pods-AEPAnalyticsTests.debug.xcconfig"; sourceTree = "<group>"; };
		2D24C61FB42A1BDE18FCC7C9 /* Pods-AEPAnalytics.debug.xcconfig */ = {isa = PBXFileReference; includeInIndex = 1; lastKnownFileType = text.xcconfig; name = "Pods-AEPAnalytics.debug.xcconfig"; path = "Target Support Files/Pods-AEPAnalytics/Pods-AEPAnalytics.debug.xcconfig"; sourceTree = "<group>"; };
		2E0B4C04252BA10800ABBE57 /* AEPCore.framework */ = {isa = PBXFileReference; explicitFileType = wrapper.framework; path = AEPCore.framework; sourceTree = BUILT_PRODUCTS_DIR; };
		2EBEE7702525A35400880E72 /* AEPAnalytics.framework */ = {isa = PBXFileReference; explicitFileType = wrapper.framework; includeInIndex = 0; path = AEPAnalytics.framework; sourceTree = BUILT_PRODUCTS_DIR; };
		2EBEE7792525A35400880E72 /* AEPAnalyticsUnitTests.xctest */ = {isa = PBXFileReference; explicitFileType = wrapper.cfbundle; includeInIndex = 0; path = AEPAnalyticsUnitTests.xctest; sourceTree = BUILT_PRODUCTS_DIR; };
		2ED53FE8255F37A4000F0B23 /* AnalyticsHit.swift */ = {isa = PBXFileReference; lastKnownFileType = sourcecode.swift; path = AnalyticsHit.swift; sourceTree = "<group>"; };
		2ED53FEC255F37B1000F0B23 /* AnalyticsHitProcessor.swift */ = {isa = PBXFileReference; lastKnownFileType = sourcecode.swift; path = AnalyticsHitProcessor.swift; sourceTree = "<group>"; };
		3D1D45AC2537B0990053CB47 /* AnalyticsState.swift */ = {isa = PBXFileReference; lastKnownFileType = sourcecode.swift; path = AnalyticsState.swift; sourceTree = "<group>"; };
		3D1D45AE25391B410053CB47 /* AnalyticsRequestSerializer.swift */ = {isa = PBXFileReference; lastKnownFileType = sourcecode.swift; path = AnalyticsRequestSerializer.swift; sourceTree = "<group>"; };
		3D1D45B525425F230053CB47 /* ContextDataUtil.swift */ = {isa = PBXFileReference; lastKnownFileType = sourcecode.swift; path = ContextDataUtil.swift; sourceTree = "<group>"; };
		3DAA40BA2548C58100703509 /* ContextData.swift */ = {isa = PBXFileReference; lastKnownFileType = sourcecode.swift; path = ContextData.swift; sourceTree = "<group>"; };
		3DCDB3DE252E853200ABA819 /* AnalyticsProperties.swift */ = {isa = PBXFileReference; lastKnownFileType = sourcecode.swift; path = AnalyticsProperties.swift; sourceTree = "<group>"; };
		3DD8E6FB256F0BC2009234FD /* AnalyticsTimer.swift */ = {isa = PBXFileReference; lastKnownFileType = sourcecode.swift; path = AnalyticsTimer.swift; sourceTree = "<group>"; };
		47CCE7FD8C2C3B63390649D7 /* Pods_AEPAnalyticsUnitTests.framework */ = {isa = PBXFileReference; explicitFileType = wrapper.framework; includeInIndex = 0; path = Pods_AEPAnalyticsUnitTests.framework; sourceTree = BUILT_PRODUCTS_DIR; };
		4FB729EA9494DA855AD93AA6 /* Pods-AEPAnalyticsUnitTests.release.xcconfig */ = {isa = PBXFileReference; includeInIndex = 1; lastKnownFileType = text.xcconfig; name = "Pods-AEPAnalyticsUnitTests.release.xcconfig"; path = "Target Support Files/Pods-AEPAnalyticsUnitTests/Pods-AEPAnalyticsUnitTests.release.xcconfig"; sourceTree = "<group>"; };
		56DA22A3CE773DE7E7380769 /* Pods_AEPAnalytics.framework */ = {isa = PBXFileReference; explicitFileType = wrapper.framework; includeInIndex = 0; path = Pods_AEPAnalytics.framework; sourceTree = BUILT_PRODUCTS_DIR; };
		7F67C440D2E79632BFEE85A7 /* Pods-AEPAnalyticsUnitTests.debug.xcconfig */ = {isa = PBXFileReference; includeInIndex = 1; lastKnownFileType = text.xcconfig; name = "Pods-AEPAnalyticsUnitTests.debug.xcconfig"; path = "Target Support Files/Pods-AEPAnalyticsUnitTests/Pods-AEPAnalyticsUnitTests.debug.xcconfig"; sourceTree = "<group>"; };
		845BEE17572EAEA667ADEB5F /* Pods-AEPAnalyticsFunctionalTests.release.xcconfig */ = {isa = PBXFileReference; includeInIndex = 1; lastKnownFileType = text.xcconfig; name = "Pods-AEPAnalyticsFunctionalTests.release.xcconfig"; path = "Target Support Files/Pods-AEPAnalyticsFunctionalTests/Pods-AEPAnalyticsFunctionalTests.release.xcconfig"; sourceTree = "<group>"; };
		AC0BF6D125CDAA5800182896 /* AnalyticsMigrator.swift */ = {isa = PBXFileReference; fileEncoding = 4; lastKnownFileType = sourcecode.swift; path = AnalyticsMigrator.swift; sourceTree = "<group>"; };
		AC0BF6F625CE1B3E00182896 /* AnalyticsDatabase.swift */ = {isa = PBXFileReference; fileEncoding = 4; lastKnownFileType = sourcecode.swift; path = AnalyticsDatabase.swift; sourceTree = "<group>"; };
		AC0BF70C25D46B8400182896 /* AnalyticsHelper.swift */ = {isa = PBXFileReference; fileEncoding = 4; lastKnownFileType = sourcecode.swift; path = AnalyticsHelper.swift; sourceTree = "<group>"; };
		AC26B11C25E76782008AC68F /* AnalyticsHitReorderTests.swift */ = {isa = PBXFileReference; fileEncoding = 4; lastKnownFileType = sourcecode.swift; path = AnalyticsHitReorderTests.swift; sourceTree = "<group>"; };
		AC26B11D25E76782008AC68F /* AnalyticsTrack+ConfigurationTests.swift */ = {isa = PBXFileReference; fileEncoding = 4; lastKnownFileType = sourcecode.swift; path = "AnalyticsTrack+ConfigurationTests.swift"; sourceTree = "<group>"; };
		AC26B14025E8BDCE008AC68F /* URL+Analytics.swift */ = {isa = PBXFileReference; fileEncoding = 4; lastKnownFileType = sourcecode.swift; path = "URL+Analytics.swift"; sourceTree = "<group>"; };
		AC26B14A25E8CA48008AC68F /* URL+AnalyticsTests.swift */ = {isa = PBXFileReference; fileEncoding = 4; lastKnownFileType = sourcecode.swift; path = "URL+AnalyticsTests.swift"; sourceTree = "<group>"; };
		AC277CF3252C23E600987C67 /* Info.plist */ = {isa = PBXFileReference; fileEncoding = 4; lastKnownFileType = text.plist.xml; path = Info.plist; sourceTree = "<group>"; };
		AC277CF5252C23E600987C67 /* Analytics.swift */ = {isa = PBXFileReference; fileEncoding = 4; lastKnownFileType = sourcecode.swift; path = Analytics.swift; sourceTree = "<group>"; };
		AC277CF6252C23E600987C67 /* AnalyticsConstants.swift */ = {isa = PBXFileReference; fileEncoding = 4; lastKnownFileType = sourcecode.swift; path = AnalyticsConstants.swift; sourceTree = "<group>"; };
		AC277CF7252C23E600987C67 /* AEPAnalytics.h */ = {isa = PBXFileReference; fileEncoding = 4; lastKnownFileType = sourcecode.c.h; path = AEPAnalytics.h; sourceTree = "<group>"; };
		AC277CF8252C23E600987C67 /* Analytics+PublicAPI.swift */ = {isa = PBXFileReference; fileEncoding = 4; lastKnownFileType = sourcecode.swift; path = "Analytics+PublicAPI.swift"; sourceTree = "<group>"; };
		AC277CF9252C23E600987C67 /* Info.plist */ = {isa = PBXFileReference; fileEncoding = 4; lastKnownFileType = text.plist.xml; path = Info.plist; sourceTree = "<group>"; };
		AC73D30C25E5C8730068AB96 /* AnalyticsMigratorTests.swift */ = {isa = PBXFileReference; fileEncoding = 4; lastKnownFileType = sourcecode.swift; path = AnalyticsMigratorTests.swift; sourceTree = "<group>"; };
		AC73D30E25E5C8730068AB96 /* AnalyticsDatabaseTests.swift */ = {isa = PBXFileReference; fileEncoding = 4; lastKnownFileType = sourcecode.swift; path = AnalyticsDatabaseTests.swift; sourceTree = "<group>"; };
		AC73D30F25E5C8730068AB96 /* AnalyticsHitProcessorTests.swift */ = {isa = PBXFileReference; fileEncoding = 4; lastKnownFileType = sourcecode.swift; path = AnalyticsHitProcessorTests.swift; sourceTree = "<group>"; };
		AC73D31025E5C8730068AB96 /* AnalyticsStateTests.swift */ = {isa = PBXFileReference; fileEncoding = 4; lastKnownFileType = sourcecode.swift; path = AnalyticsStateTests.swift; sourceTree = "<group>"; };
		AC73D31125E5C8730068AB96 /* AnalyticsVersionTests.swift */ = {isa = PBXFileReference; fileEncoding = 4; lastKnownFileType = sourcecode.swift; path = AnalyticsVersionTests.swift; sourceTree = "<group>"; };
		AC73D31225E5C8730068AB96 /* AnalyticsAPITests.swift */ = {isa = PBXFileReference; fileEncoding = 4; lastKnownFileType = sourcecode.swift; path = AnalyticsAPITests.swift; sourceTree = "<group>"; };
		AC73D31325E5C8730068AB96 /* ContextDataUtilTests.swift */ = {isa = PBXFileReference; fileEncoding = 4; lastKnownFileType = sourcecode.swift; path = ContextDataUtilTests.swift; sourceTree = "<group>"; };
		AC73D31425E5C8730068AB96 /* AnalyticsPropertiesTest.swift */ = {isa = PBXFileReference; fileEncoding = 4; lastKnownFileType = sourcecode.swift; path = AnalyticsPropertiesTest.swift; sourceTree = "<group>"; };
		AC73D31525E5C8730068AB96 /* AnalyticsRequestSerializerTests.swift */ = {isa = PBXFileReference; fileEncoding = 4; lastKnownFileType = sourcecode.swift; path = AnalyticsRequestSerializerTests.swift; sourceTree = "<group>"; };
		AC73D31725E5C8730068AB96 /* AnalyticsTestConstants.swift */ = {isa = PBXFileReference; fileEncoding = 4; lastKnownFileType = sourcecode.swift; path = AnalyticsTestConstants.swift; sourceTree = "<group>"; };
		AC73D31825E5C8730068AB96 /* MockDataQueuing.swift */ = {isa = PBXFileReference; fileEncoding = 4; lastKnownFileType = sourcecode.swift; path = MockDataQueuing.swift; sourceTree = "<group>"; };
		AC73D31925E5C8730068AB96 /* TestableExtensionRuntime.swift */ = {isa = PBXFileReference; fileEncoding = 4; lastKnownFileType = sourcecode.swift; path = TestableExtensionRuntime.swift; sourceTree = "<group>"; };
		AC73D31A25E5C8730068AB96 /* .swiftlint.yml */ = {isa = PBXFileReference; fileEncoding = 4; lastKnownFileType = text.yaml; path = .swiftlint.yml; sourceTree = "<group>"; };
		AC73D31B25E5C8730068AB96 /* MockNetworking.swift */ = {isa = PBXFileReference; fileEncoding = 4; lastKnownFileType = sourcecode.swift; path = MockNetworking.swift; sourceTree = "<group>"; };
		AC73D31D25E5C8730068AB96 /* MockHitProcessor.swift */ = {isa = PBXFileReference; fileEncoding = 4; lastKnownFileType = sourcecode.swift; path = MockHitProcessor.swift; sourceTree = "<group>"; };
		AC73D31E25E5C8730068AB96 /* AnalyticsRequestHelper.swift */ = {isa = PBXFileReference; fileEncoding = 4; lastKnownFileType = sourcecode.swift; path = AnalyticsRequestHelper.swift; sourceTree = "<group>"; };
		AC73D31F25E5C8730068AB96 /* MockExtension.swift */ = {isa = PBXFileReference; fileEncoding = 4; lastKnownFileType = sourcecode.swift; path = MockExtension.swift; sourceTree = "<group>"; };
		AC73D32025E5C8730068AB96 /* MockDataStore.swift */ = {isa = PBXFileReference; fileEncoding = 4; lastKnownFileType = sourcecode.swift; path = MockDataStore.swift; sourceTree = "<group>"; };
		AC73D32125E5C8730068AB96 /* MockDataQueue.swift */ = {isa = PBXFileReference; fileEncoding = 4; lastKnownFileType = sourcecode.swift; path = MockDataQueue.swift; sourceTree = "<group>"; };
		AC73D32225E5C8730068AB96 /* TestHelper.swift */ = {isa = PBXFileReference; fileEncoding = 4; lastKnownFileType = sourcecode.swift; path = TestHelper.swift; sourceTree = "<group>"; };
		AC73D32325E5C8730068AB96 /* TestUtils.swift */ = {isa = PBXFileReference; fileEncoding = 4; lastKnownFileType = sourcecode.swift; path = TestUtils.swift; sourceTree = "<group>"; };
		AC73D38E25E6F4160068AB96 /* AnalyticsTrack+AssuranceTests.swift */ = {isa = PBXFileReference; fileEncoding = 4; lastKnownFileType = sourcecode.swift; path = "AnalyticsTrack+AssuranceTests.swift"; sourceTree = "<group>"; };
		AC73D38F25E6F4160068AB96 /* AnalyticsConsequenceTests.swift */ = {isa = PBXFileReference; fileEncoding = 4; lastKnownFileType = sourcecode.swift; path = AnalyticsConsequenceTests.swift; sourceTree = "<group>"; };
		AC73D39025E6F4160068AB96 /* AnalyticsQueueTests.swift */ = {isa = PBXFileReference; fileEncoding = 4; lastKnownFileType = sourcecode.swift; path = AnalyticsQueueTests.swift; sourceTree = "<group>"; };
		AC73D39125E6F4160068AB96 /* AnalyticsTrack+LifecycleTests.swift */ = {isa = PBXFileReference; fileEncoding = 4; lastKnownFileType = sourcecode.swift; path = "AnalyticsTrack+LifecycleTests.swift"; sourceTree = "<group>"; };
		AC73D39225E6F4160068AB96 /* AnalyticsTrackTests.swift */ = {isa = PBXFileReference; fileEncoding = 4; lastKnownFileType = sourcecode.swift; path = AnalyticsTrackTests.swift; sourceTree = "<group>"; };
		AC73D39325E6F4160068AB96 /* AnalyticsIDTests.swift */ = {isa = PBXFileReference; fileEncoding = 4; lastKnownFileType = sourcecode.swift; path = AnalyticsIDTests.swift; sourceTree = "<group>"; };
		AC73D39425E6F4160068AB96 /* AnalyticsTrack+PlacesTests.swift */ = {isa = PBXFileReference; fileEncoding = 4; lastKnownFileType = sourcecode.swift; path = "AnalyticsTrack+PlacesTests.swift"; sourceTree = "<group>"; };
		AC73D39525E6F4160068AB96 /* AnalyticsFunctionalTestBase.swift */ = {isa = PBXFileReference; fileEncoding = 4; lastKnownFileType = sourcecode.swift; path = AnalyticsFunctionalTestBase.swift; sourceTree = "<group>"; };
		AC73D3B625E6F4E50068AB96 /* AEPAnalyticsFunctionalTests.xctest */ = {isa = PBXFileReference; explicitFileType = wrapper.cfbundle; includeInIndex = 0; path = AEPAnalyticsFunctionalTests.xctest; sourceTree = BUILT_PRODUCTS_DIR; };
		C6E8A785E3798BE1F32F63B1 /* Pods-AEPAnalyticsFunctionalTests.debug.xcconfig */ = {isa = PBXFileReference; includeInIndex = 1; lastKnownFileType = text.xcconfig; name = "Pods-AEPAnalyticsFunctionalTests.debug.xcconfig"; path = "Target Support Files/Pods-AEPAnalyticsFunctionalTests/Pods-AEPAnalyticsFunctionalTests.debug.xcconfig"; sourceTree = "<group>"; };
		CE85C4421313D5BBE96D5060 /* Pods-AnalyticsSampleApp.debug.xcconfig */ = {isa = PBXFileReference; includeInIndex = 1; lastKnownFileType = text.xcconfig; name = "Pods-AnalyticsSampleApp.debug.xcconfig"; path = "Target Support Files/Pods-AnalyticsSampleApp/Pods-AnalyticsSampleApp.debug.xcconfig"; sourceTree = "<group>"; };
		D639E23525B8B25600955FBA /* AnalyticsVersion.swift */ = {isa = PBXFileReference; lastKnownFileType = sourcecode.swift; path = AnalyticsVersion.swift; sourceTree = "<group>"; };
		D67AC98B2578285F000FA306 /* AnalyticsHitResponse.swift */ = {isa = PBXFileReference; lastKnownFileType = sourcecode.swift; path = AnalyticsHitResponse.swift; sourceTree = "<group>"; };
		D6C7406525E6C5C100D1040C /* README.md */ = {isa = PBXFileReference; fileEncoding = 4; lastKnownFileType = net.daringfireball.markdown; path = README.md; sourceTree = "<group>"; };
		D6C7406B25E6C70C00D1040C /* Package.swift */ = {isa = PBXFileReference; lastKnownFileType = sourcecode.swift; path = Package.swift; sourceTree = "<group>"; };
		D6D5F35625C8806D008148B3 /* AnalyticsSampleApp.app */ = {isa = PBXFileReference; explicitFileType = wrapper.application; includeInIndex = 0; path = AnalyticsSampleApp.app; sourceTree = BUILT_PRODUCTS_DIR; };
		D6D5F35825C8806D008148B3 /* AppDelegate.swift */ = {isa = PBXFileReference; lastKnownFileType = sourcecode.swift; path = AppDelegate.swift; sourceTree = "<group>"; };
		D6D5F35A25C8806D008148B3 /* SceneDelegate.swift */ = {isa = PBXFileReference; lastKnownFileType = sourcecode.swift; path = SceneDelegate.swift; sourceTree = "<group>"; };
		D6D5F35C25C8806D008148B3 /* AnalyticsView.swift */ = {isa = PBXFileReference; lastKnownFileType = sourcecode.swift; path = AnalyticsView.swift; sourceTree = "<group>"; };
		D6D5F35E25C88070008148B3 /* Assets.xcassets */ = {isa = PBXFileReference; lastKnownFileType = folder.assetcatalog; path = Assets.xcassets; sourceTree = "<group>"; };
		D6D5F36125C88070008148B3 /* Preview Assets.xcassets */ = {isa = PBXFileReference; lastKnownFileType = folder.assetcatalog; path = "Preview Assets.xcassets"; sourceTree = "<group>"; };
		D6D5F36425C88070008148B3 /* Base */ = {isa = PBXFileReference; lastKnownFileType = file.storyboard; name = Base; path = Base.lproj/LaunchScreen.storyboard; sourceTree = "<group>"; };
		D6D5F36625C88070008148B3 /* Info.plist */ = {isa = PBXFileReference; lastKnownFileType = text.plist.xml; path = Info.plist; sourceTree = "<group>"; };
		D6F54EEC2612452E000362D1 /* AnalyticsTrack+TargetTests.swift */ = {isa = PBXFileReference; lastKnownFileType = sourcecode.swift; path = "AnalyticsTrack+TargetTests.swift"; sourceTree = "<group>"; };
		E274320DD947E7BB2B2E8A33 /* Pods-AEPAnalyticsTests.release.xcconfig */ = {isa = PBXFileReference; includeInIndex = 1; lastKnownFileType = text.xcconfig; name = "Pods-AEPAnalyticsTests.release.xcconfig"; path = "Target Support Files/Pods-AEPAnalyticsTests/Pods-AEPAnalyticsTests.release.xcconfig"; sourceTree = "<group>"; };
		EF12C9A6B24908684CC8EA6C /* Pods-AEPAnalytics.release.xcconfig */ = {isa = PBXFileReference; includeInIndex = 1; lastKnownFileType = text.xcconfig; name = "Pods-AEPAnalytics.release.xcconfig"; path = "Target Support Files/Pods-AEPAnalytics/Pods-AEPAnalytics.release.xcconfig"; sourceTree = "<group>"; };
		F09743C2FA04519BE26C974E /* Pods-AnalyticsSampleApp.release.xcconfig */ = {isa = PBXFileReference; includeInIndex = 1; lastKnownFileType = text.xcconfig; name = "Pods-AnalyticsSampleApp.release.xcconfig"; path = "Target Support Files/Pods-AnalyticsSampleApp/Pods-AnalyticsSampleApp.release.xcconfig"; sourceTree = "<group>"; };
/* End PBXFileReference section */

/* Begin PBXFrameworksBuildPhase section */
		2EBEE76D2525A35300880E72 /* Frameworks */ = {
			isa = PBXFrameworksBuildPhase;
			buildActionMask = 2147483647;
			files = (
				2FBC2E5752E860AAB4C519F1 /* Pods_AEPAnalytics.framework in Frameworks */,
			);
			runOnlyForDeploymentPostprocessing = 0;
		};
		2EBEE7762525A35400880E72 /* Frameworks */ = {
			isa = PBXFrameworksBuildPhase;
			buildActionMask = 2147483647;
			files = (
				9973631F691E3A9D5F8D37D6 /* Pods_AEPAnalyticsUnitTests.framework in Frameworks */,
			);
			runOnlyForDeploymentPostprocessing = 0;
		};
		AC73D3B325E6F4E50068AB96 /* Frameworks */ = {
			isa = PBXFrameworksBuildPhase;
			buildActionMask = 2147483647;
			files = (
				AC73D3BB25E6F4E50068AB96 /* AEPAnalytics.framework in Frameworks */,
				3DBF23076C39DD73E2F0E701 /* Pods_AEPAnalyticsFunctionalTests.framework in Frameworks */,
			);
			runOnlyForDeploymentPostprocessing = 0;
		};
		D6D5F35325C8806D008148B3 /* Frameworks */ = {
			isa = PBXFrameworksBuildPhase;
			buildActionMask = 2147483647;
			files = (
				80040470C87BDF5145139B30 /* Pods_AnalyticsSampleApp.framework in Frameworks */,
			);
			runOnlyForDeploymentPostprocessing = 0;
		};
/* End PBXFrameworksBuildPhase section */

/* Begin PBXGroup section */
		13AC300B194721A7FF402F99 /* Pods */ = {
			isa = PBXGroup;
			children = (
				2D24C61FB42A1BDE18FCC7C9 /* Pods-AEPAnalytics.debug.xcconfig */,
				EF12C9A6B24908684CC8EA6C /* Pods-AEPAnalytics.release.xcconfig */,
				20355BF005BB751B58D1150D /* Pods-AEPAnalyticsTests.debug.xcconfig */,
				E274320DD947E7BB2B2E8A33 /* Pods-AEPAnalyticsTests.release.xcconfig */,
				CE85C4421313D5BBE96D5060 /* Pods-AnalyticsSampleApp.debug.xcconfig */,
				F09743C2FA04519BE26C974E /* Pods-AnalyticsSampleApp.release.xcconfig */,
				C6E8A785E3798BE1F32F63B1 /* Pods-AEPAnalyticsFunctionalTests.debug.xcconfig */,
				845BEE17572EAEA667ADEB5F /* Pods-AEPAnalyticsFunctionalTests.release.xcconfig */,
				7F67C440D2E79632BFEE85A7 /* Pods-AEPAnalyticsUnitTests.debug.xcconfig */,
				4FB729EA9494DA855AD93AA6 /* Pods-AEPAnalyticsUnitTests.release.xcconfig */,
			);
			path = Pods;
			sourceTree = "<group>";
		};
		2EBEE7662525A35300880E72 = {
			isa = PBXGroup;
			children = (
				D6C7406B25E6C70C00D1040C /* Package.swift */,
				D6C7406525E6C5C100D1040C /* README.md */,
				AC277CEC252C23E600987C67 /* AEPAnalytics */,
				D6D5F35725C8806D008148B3 /* AnalyticsSampleApp */,
				2EBEE7712525A35400880E72 /* Products */,
				CEBDCEF550A14091A479F5C5 /* Frameworks */,
				13AC300B194721A7FF402F99 /* Pods */,
			);
			sourceTree = "<group>";
		};
		2EBEE7712525A35400880E72 /* Products */ = {
			isa = PBXGroup;
			children = (
				2EBEE7702525A35400880E72 /* AEPAnalytics.framework */,
				2EBEE7792525A35400880E72 /* AEPAnalyticsUnitTests.xctest */,
				D6D5F35625C8806D008148B3 /* AnalyticsSampleApp.app */,
				AC73D3B625E6F4E50068AB96 /* AEPAnalyticsFunctionalTests.xctest */,
			);
			name = Products;
			sourceTree = "<group>";
		};
		AC277CEC252C23E600987C67 /* AEPAnalytics */ = {
			isa = PBXGroup;
			children = (
				AC277CEF252C23E600987C67 /* Tests */,
				AC277CF4252C23E600987C67 /* Sources */,
			);
			path = AEPAnalytics;
			sourceTree = "<group>";
		};
		AC277CEF252C23E600987C67 /* Tests */ = {
			isa = PBXGroup;
			children = (
				AC73D32425E5C8730068AB96 /* FunctionalTests */,
				AC73D31625E5C8730068AB96 /* TestHelper */,
				AC73D30B25E5C8730068AB96 /* UnitTests */,
				AC277CF3252C23E600987C67 /* Info.plist */,
			);
			path = Tests;
			sourceTree = "<group>";
		};
		AC277CF4252C23E600987C67 /* Sources */ = {
			isa = PBXGroup;
			children = (
				AC277CF7252C23E600987C67 /* AEPAnalytics.h */,
				AC277CF5252C23E600987C67 /* Analytics.swift */,
				AC277CF8252C23E600987C67 /* Analytics+PublicAPI.swift */,
				AC277CF6252C23E600987C67 /* AnalyticsConstants.swift */,
				AC0BF6F625CE1B3E00182896 /* AnalyticsDatabase.swift */,
				AC0BF70C25D46B8400182896 /* AnalyticsHelper.swift */,
				2ED53FE8255F37A4000F0B23 /* AnalyticsHit.swift */,
				2ED53FEC255F37B1000F0B23 /* AnalyticsHitProcessor.swift */,
				D67AC98B2578285F000FA306 /* AnalyticsHitResponse.swift */,
				AC0BF6D125CDAA5800182896 /* AnalyticsMigrator.swift */,
				3DCDB3DE252E853200ABA819 /* AnalyticsProperties.swift */,
				3D1D45AE25391B410053CB47 /* AnalyticsRequestSerializer.swift */,
				3D1D45AC2537B0990053CB47 /* AnalyticsState.swift */,
				3DD8E6FB256F0BC2009234FD /* AnalyticsTimer.swift */,
				D639E23525B8B25600955FBA /* AnalyticsVersion.swift */,
				3DAA40BA2548C58100703509 /* ContextData.swift */,
				3D1D45B525425F230053CB47 /* ContextDataUtil.swift */,
				AC26B14025E8BDCE008AC68F /* URL+Analytics.swift */,
				AC277CF9252C23E600987C67 /* Info.plist */,
			);
			path = Sources;
			sourceTree = "<group>";
		};
		AC73D30B25E5C8730068AB96 /* UnitTests */ = {
			isa = PBXGroup;
			children = (
				AC26B14A25E8CA48008AC68F /* URL+AnalyticsTests.swift */,
				AC73D31225E5C8730068AB96 /* AnalyticsAPITests.swift */,
				AC73D30E25E5C8730068AB96 /* AnalyticsDatabaseTests.swift */,
				AC73D30F25E5C8730068AB96 /* AnalyticsHitProcessorTests.swift */,
				AC73D30C25E5C8730068AB96 /* AnalyticsMigratorTests.swift */,
				AC73D31425E5C8730068AB96 /* AnalyticsPropertiesTest.swift */,
				AC73D31525E5C8730068AB96 /* AnalyticsRequestSerializerTests.swift */,
				AC73D31025E5C8730068AB96 /* AnalyticsStateTests.swift */,
				AC73D31125E5C8730068AB96 /* AnalyticsVersionTests.swift */,
				AC73D31325E5C8730068AB96 /* ContextDataUtilTests.swift */,
			);
			path = UnitTests;
			sourceTree = "<group>";
		};
		AC73D31625E5C8730068AB96 /* TestHelper */ = {
			isa = PBXGroup;
			children = (
				AC73D31A25E5C8730068AB96 /* .swiftlint.yml */,
				AC73D31E25E5C8730068AB96 /* AnalyticsRequestHelper.swift */,
				AC73D31725E5C8730068AB96 /* AnalyticsTestConstants.swift */,
				AC73D32125E5C8730068AB96 /* MockDataQueue.swift */,
				AC73D31825E5C8730068AB96 /* MockDataQueuing.swift */,
				AC73D32025E5C8730068AB96 /* MockDataStore.swift */,
				AC73D31F25E5C8730068AB96 /* MockExtension.swift */,
				AC73D31D25E5C8730068AB96 /* MockHitProcessor.swift */,
				AC73D31B25E5C8730068AB96 /* MockNetworking.swift */,
				AC73D31925E5C8730068AB96 /* TestableExtensionRuntime.swift */,
				AC73D32225E5C8730068AB96 /* TestHelper.swift */,
				AC73D32325E5C8730068AB96 /* TestUtils.swift */,
			);
			path = TestHelper;
			sourceTree = "<group>";
		};
		AC73D32425E5C8730068AB96 /* FunctionalTests */ = {
			isa = PBXGroup;
			children = (
				AC73D38F25E6F4160068AB96 /* AnalyticsConsequenceTests.swift */,
				AC73D39525E6F4160068AB96 /* AnalyticsFunctionalTestBase.swift */,
				AC26B11C25E76782008AC68F /* AnalyticsHitReorderTests.swift */,
				AC73D39325E6F4160068AB96 /* AnalyticsIDTests.swift */,
				AC73D39025E6F4160068AB96 /* AnalyticsQueueTests.swift */,
				AC73D38E25E6F4160068AB96 /* AnalyticsTrack+AssuranceTests.swift */,
				AC26B11D25E76782008AC68F /* AnalyticsTrack+ConfigurationTests.swift */,
				AC73D39125E6F4160068AB96 /* AnalyticsTrack+LifecycleTests.swift */,
				AC73D39425E6F4160068AB96 /* AnalyticsTrack+PlacesTests.swift */,
				AC73D39225E6F4160068AB96 /* AnalyticsTrackTests.swift */,
				D6F54EEC2612452E000362D1 /* AnalyticsTrack+TargetTests.swift */,
			);
			path = FunctionalTests;
			sourceTree = "<group>";
		};
		CEBDCEF550A14091A479F5C5 /* Frameworks */ = {
			isa = PBXGroup;
			children = (
				2E0B4C04252BA10800ABBE57 /* AEPCore.framework */,
				56DA22A3CE773DE7E7380769 /* Pods_AEPAnalytics.framework */,
				0E355386B606F5D58291BC54 /* Pods_AnalyticsSampleApp.framework */,
				1FA80748307DC427902C440F /* Pods_AEPAnalyticsFunctionalTests.framework */,
				47CCE7FD8C2C3B63390649D7 /* Pods_AEPAnalyticsUnitTests.framework */,
			);
			name = Frameworks;
			sourceTree = "<group>";
		};
		D6D5F35725C8806D008148B3 /* AnalyticsSampleApp */ = {
			isa = PBXGroup;
			children = (
				D6D5F35825C8806D008148B3 /* AppDelegate.swift */,
				D6D5F35A25C8806D008148B3 /* SceneDelegate.swift */,
				D6D5F35C25C8806D008148B3 /* AnalyticsView.swift */,
				D6D5F35E25C88070008148B3 /* Assets.xcassets */,
				D6D5F36325C88070008148B3 /* LaunchScreen.storyboard */,
				D6D5F36625C88070008148B3 /* Info.plist */,
				D6D5F36025C88070008148B3 /* Preview Content */,
			);
			path = AnalyticsSampleApp;
			sourceTree = "<group>";
		};
		D6D5F36025C88070008148B3 /* Preview Content */ = {
			isa = PBXGroup;
			children = (
				D6D5F36125C88070008148B3 /* Preview Assets.xcassets */,
			);
			path = "Preview Content";
			sourceTree = "<group>";
		};
/* End PBXGroup section */

/* Begin PBXHeadersBuildPhase section */
		2EBEE76B2525A35300880E72 /* Headers */ = {
			isa = PBXHeadersBuildPhase;
			buildActionMask = 2147483647;
			files = (
				AC277D00252C23E600987C67 /* AEPAnalytics.h in Headers */,
			);
			runOnlyForDeploymentPostprocessing = 0;
		};
/* End PBXHeadersBuildPhase section */

/* Begin PBXNativeTarget section */
		2EBEE76F2525A35300880E72 /* AEPAnalytics */ = {
			isa = PBXNativeTarget;
			buildConfigurationList = 2EBEE7842525A35400880E72 /* Build configuration list for PBXNativeTarget "AEPAnalytics" */;
			buildPhases = (
				B844C65C6320925C034AC42C /* [CP] Check Pods Manifest.lock */,
				2EBEE76B2525A35300880E72 /* Headers */,
				2EBEE76C2525A35300880E72 /* Sources */,
				2EBEE76D2525A35300880E72 /* Frameworks */,
				2EBEE76E2525A35300880E72 /* Resources */,
				AC277D05252C328B00987C67 /* ShellScript */,
			);
			buildRules = (
			);
			dependencies = (
			);
			name = AEPAnalytics;
			productName = AEPAnalytics;
			productReference = 2EBEE7702525A35400880E72 /* AEPAnalytics.framework */;
			productType = "com.apple.product-type.framework";
		};
		2EBEE7782525A35400880E72 /* AEPAnalyticsUnitTests */ = {
			isa = PBXNativeTarget;
			buildConfigurationList = 2EBEE7872525A35400880E72 /* Build configuration list for PBXNativeTarget "AEPAnalyticsUnitTests" */;
			buildPhases = (
				04BB666DC3531957B957A75F /* [CP] Check Pods Manifest.lock */,
				2EBEE7752525A35400880E72 /* Sources */,
				2EBEE7762525A35400880E72 /* Frameworks */,
				2EBEE7772525A35400880E72 /* Resources */,
				F26D62846193C0162D554CC5 /* [CP] Embed Pods Frameworks */,
			);
			buildRules = (
			);
			dependencies = (
				2EBEE77C2525A35400880E72 /* PBXTargetDependency */,
			);
			name = AEPAnalyticsUnitTests;
			productName = AEPAnalyticsTests;
			productReference = 2EBEE7792525A35400880E72 /* AEPAnalyticsUnitTests.xctest */;
			productType = "com.apple.product-type.bundle.unit-test";
		};
		AC73D3B525E6F4E50068AB96 /* AEPAnalyticsFunctionalTests */ = {
			isa = PBXNativeTarget;
			buildConfigurationList = AC73D3BE25E6F4E50068AB96 /* Build configuration list for PBXNativeTarget "AEPAnalyticsFunctionalTests" */;
			buildPhases = (
				536F84542CA5C70E12B208F2 /* [CP] Check Pods Manifest.lock */,
				AC73D3B225E6F4E50068AB96 /* Sources */,
				AC73D3B325E6F4E50068AB96 /* Frameworks */,
				AC73D3B425E6F4E50068AB96 /* Resources */,
				1B520971BC7F5F9B9957F847 /* [CP] Embed Pods Frameworks */,
			);
			buildRules = (
			);
			dependencies = (
				AC73D3BD25E6F4E50068AB96 /* PBXTargetDependency */,
			);
			name = AEPAnalyticsFunctionalTests;
			productName = AEPAnalyticsFunctionalTests;
			productReference = AC73D3B625E6F4E50068AB96 /* AEPAnalyticsFunctionalTests.xctest */;
			productType = "com.apple.product-type.bundle.unit-test";
		};
		D6D5F35525C8806D008148B3 /* AnalyticsSampleApp */ = {
			isa = PBXNativeTarget;
			buildConfigurationList = D6D5F36925C88070008148B3 /* Build configuration list for PBXNativeTarget "AnalyticsSampleApp" */;
			buildPhases = (
				2358AF83EF31D8860327C9F2 /* [CP] Check Pods Manifest.lock */,
				D6D5F35225C8806D008148B3 /* Sources */,
				D6D5F35325C8806D008148B3 /* Frameworks */,
				D6D5F35425C8806D008148B3 /* Resources */,
				775B1A8C2AC8BBA87C3E7DD5 /* [CP] Embed Pods Frameworks */,
				9598E5DE262E9C73000BF31A /* CopyFiles */,
			);
			buildRules = (
			);
			dependencies = (
				D6D5F38525C88465008148B3 /* PBXTargetDependency */,
			);
			name = AnalyticsSampleApp;
			productName = AnalyticsSampleApp;
			productReference = D6D5F35625C8806D008148B3 /* AnalyticsSampleApp.app */;
			productType = "com.apple.product-type.application";
		};
/* End PBXNativeTarget section */

/* Begin PBXProject section */
		2EBEE7672525A35300880E72 /* Project object */ = {
			isa = PBXProject;
			attributes = {
				LastSwiftUpdateCheck = 1210;
				LastUpgradeCheck = 1200;
				ORGANIZATIONNAME = Adobe;
				TargetAttributes = {
					2EBEE76F2525A35300880E72 = {
						CreatedOnToolsVersion = 12.0.1;
					};
					2EBEE7782525A35400880E72 = {
						CreatedOnToolsVersion = 12.0.1;
						LastSwiftMigration = 1200;
					};
					AC73D3B525E6F4E50068AB96 = {
						CreatedOnToolsVersion = 12.1;
					};
					D6D5F35525C8806D008148B3 = {
						CreatedOnToolsVersion = 12.4;
					};
				};
			};
			buildConfigurationList = 2EBEE76A2525A35300880E72 /* Build configuration list for PBXProject "AEPAnalytics" */;
			compatibilityVersion = "Xcode 9.3";
			developmentRegion = en;
			hasScannedForEncodings = 0;
			knownRegions = (
				en,
				Base,
			);
			mainGroup = 2EBEE7662525A35300880E72;
			productRefGroup = 2EBEE7712525A35400880E72 /* Products */;
			projectDirPath = "";
			projectRoot = "";
			targets = (
				2EBEE76F2525A35300880E72 /* AEPAnalytics */,
				2EBEE7782525A35400880E72 /* AEPAnalyticsUnitTests */,
				AC73D3B525E6F4E50068AB96 /* AEPAnalyticsFunctionalTests */,
				D6D5F35525C8806D008148B3 /* AnalyticsSampleApp */,
			);
		};
/* End PBXProject section */

/* Begin PBXResourcesBuildPhase section */
		2EBEE76E2525A35300880E72 /* Resources */ = {
			isa = PBXResourcesBuildPhase;
			buildActionMask = 2147483647;
			files = (
				D6C7406625E6C5C100D1040C /* README.md in Resources */,
			);
			runOnlyForDeploymentPostprocessing = 0;
		};
		2EBEE7772525A35400880E72 /* Resources */ = {
			isa = PBXResourcesBuildPhase;
			buildActionMask = 2147483647;
			files = (
				AC73D33425E5C8730068AB96 /* .swiftlint.yml in Resources */,
			);
			runOnlyForDeploymentPostprocessing = 0;
		};
		AC73D3B425E6F4E50068AB96 /* Resources */ = {
			isa = PBXResourcesBuildPhase;
			buildActionMask = 2147483647;
			files = (
			);
			runOnlyForDeploymentPostprocessing = 0;
		};
		D6D5F35425C8806D008148B3 /* Resources */ = {
			isa = PBXResourcesBuildPhase;
			buildActionMask = 2147483647;
			files = (
				D6D5F36525C88070008148B3 /* LaunchScreen.storyboard in Resources */,
				D6D5F36225C88070008148B3 /* Preview Assets.xcassets in Resources */,
				D6D5F35F25C88070008148B3 /* Assets.xcassets in Resources */,
			);
			runOnlyForDeploymentPostprocessing = 0;
		};
/* End PBXResourcesBuildPhase section */

/* Begin PBXShellScriptBuildPhase section */
		04BB666DC3531957B957A75F /* [CP] Check Pods Manifest.lock */ = {
			isa = PBXShellScriptBuildPhase;
			buildActionMask = 2147483647;
			files = (
			);
			inputFileListPaths = (
			);
			inputPaths = (
				"${PODS_PODFILE_DIR_PATH}/Podfile.lock",
				"${PODS_ROOT}/Manifest.lock",
			);
			name = "[CP] Check Pods Manifest.lock";
			outputFileListPaths = (
			);
			outputPaths = (
				"$(DERIVED_FILE_DIR)/Pods-AEPAnalyticsUnitTests-checkManifestLockResult.txt",
			);
			runOnlyForDeploymentPostprocessing = 0;
			shellPath = /bin/sh;
			shellScript = "diff \"${PODS_PODFILE_DIR_PATH}/Podfile.lock\" \"${PODS_ROOT}/Manifest.lock\" > /dev/null\nif [ $? != 0 ] ; then\n    # print error to STDERR\n    echo \"error: The sandbox is not in sync with the Podfile.lock. Run 'pod install' or update your CocoaPods installation.\" >&2\n    exit 1\nfi\n# This output is used by Xcode 'outputs' to avoid re-running this script phase.\necho \"SUCCESS\" > \"${SCRIPT_OUTPUT_FILE_0}\"\n";
			showEnvVarsInLog = 0;
		};
		1B520971BC7F5F9B9957F847 /* [CP] Embed Pods Frameworks */ = {
			isa = PBXShellScriptBuildPhase;
			buildActionMask = 2147483647;
			files = (
			);
			inputFileListPaths = (
				"${PODS_ROOT}/Target Support Files/Pods-AEPAnalyticsFunctionalTests/Pods-AEPAnalyticsFunctionalTests-frameworks-${CONFIGURATION}-input-files.xcfilelist",
			);
			name = "[CP] Embed Pods Frameworks";
			outputFileListPaths = (
				"${PODS_ROOT}/Target Support Files/Pods-AEPAnalyticsFunctionalTests/Pods-AEPAnalyticsFunctionalTests-frameworks-${CONFIGURATION}-output-files.xcfilelist",
			);
			runOnlyForDeploymentPostprocessing = 0;
			shellPath = /bin/sh;
			shellScript = "\"${PODS_ROOT}/Target Support Files/Pods-AEPAnalyticsFunctionalTests/Pods-AEPAnalyticsFunctionalTests-frameworks.sh\"\n";
			showEnvVarsInLog = 0;
		};
		2358AF83EF31D8860327C9F2 /* [CP] Check Pods Manifest.lock */ = {
			isa = PBXShellScriptBuildPhase;
			buildActionMask = 2147483647;
			files = (
			);
			inputFileListPaths = (
			);
			inputPaths = (
				"${PODS_PODFILE_DIR_PATH}/Podfile.lock",
				"${PODS_ROOT}/Manifest.lock",
			);
			name = "[CP] Check Pods Manifest.lock";
			outputFileListPaths = (
			);
			outputPaths = (
				"$(DERIVED_FILE_DIR)/Pods-AnalyticsSampleApp-checkManifestLockResult.txt",
			);
			runOnlyForDeploymentPostprocessing = 0;
			shellPath = /bin/sh;
			shellScript = "diff \"${PODS_PODFILE_DIR_PATH}/Podfile.lock\" \"${PODS_ROOT}/Manifest.lock\" > /dev/null\nif [ $? != 0 ] ; then\n    # print error to STDERR\n    echo \"error: The sandbox is not in sync with the Podfile.lock. Run 'pod install' or update your CocoaPods installation.\" >&2\n    exit 1\nfi\n# This output is used by Xcode 'outputs' to avoid re-running this script phase.\necho \"SUCCESS\" > \"${SCRIPT_OUTPUT_FILE_0}\"\n";
			showEnvVarsInLog = 0;
		};
		536F84542CA5C70E12B208F2 /* [CP] Check Pods Manifest.lock */ = {
			isa = PBXShellScriptBuildPhase;
			buildActionMask = 2147483647;
			files = (
			);
			inputFileListPaths = (
			);
			inputPaths = (
				"${PODS_PODFILE_DIR_PATH}/Podfile.lock",
				"${PODS_ROOT}/Manifest.lock",
			);
			name = "[CP] Check Pods Manifest.lock";
			outputFileListPaths = (
			);
			outputPaths = (
				"$(DERIVED_FILE_DIR)/Pods-AEPAnalyticsFunctionalTests-checkManifestLockResult.txt",
			);
			runOnlyForDeploymentPostprocessing = 0;
			shellPath = /bin/sh;
			shellScript = "diff \"${PODS_PODFILE_DIR_PATH}/Podfile.lock\" \"${PODS_ROOT}/Manifest.lock\" > /dev/null\nif [ $? != 0 ] ; then\n    # print error to STDERR\n    echo \"error: The sandbox is not in sync with the Podfile.lock. Run 'pod install' or update your CocoaPods installation.\" >&2\n    exit 1\nfi\n# This output is used by Xcode 'outputs' to avoid re-running this script phase.\necho \"SUCCESS\" > \"${SCRIPT_OUTPUT_FILE_0}\"\n";
			showEnvVarsInLog = 0;
		};
		775B1A8C2AC8BBA87C3E7DD5 /* [CP] Embed Pods Frameworks */ = {
			isa = PBXShellScriptBuildPhase;
			buildActionMask = 2147483647;
			files = (
			);
			inputFileListPaths = (
				"${PODS_ROOT}/Target Support Files/Pods-AnalyticsSampleApp/Pods-AnalyticsSampleApp-frameworks-${CONFIGURATION}-input-files.xcfilelist",
			);
			name = "[CP] Embed Pods Frameworks";
			outputFileListPaths = (
				"${PODS_ROOT}/Target Support Files/Pods-AnalyticsSampleApp/Pods-AnalyticsSampleApp-frameworks-${CONFIGURATION}-output-files.xcfilelist",
			);
			runOnlyForDeploymentPostprocessing = 0;
			shellPath = /bin/sh;
			shellScript = "\"${PODS_ROOT}/Target Support Files/Pods-AnalyticsSampleApp/Pods-AnalyticsSampleApp-frameworks.sh\"\n";
			showEnvVarsInLog = 0;
		};
		AC277D05252C328B00987C67 /* ShellScript */ = {
			isa = PBXShellScriptBuildPhase;
			buildActionMask = 2147483647;
			files = (
			);
			inputFileListPaths = (
			);
			inputPaths = (
			);
			outputFileListPaths = (
			);
			outputPaths = (
			);
			runOnlyForDeploymentPostprocessing = 0;
			shellPath = /bin/sh;
			shellScript = "cd ${PROJECT_DIR}\nif which swiftlint >/dev/null; then\n  swiftlint\nelse\n  echo \"error: SwiftLint not installed, download from https://github.com/realm/SwiftLint\"\nfi\nif which swiftformat >/dev/null; then\n   swiftformat .\nelse\necho \"error: SwiftFormat not installed, download from https://github.com/nicklockwood/SwiftFormat\"\nfi\n";
		};
		B844C65C6320925C034AC42C /* [CP] Check Pods Manifest.lock */ = {
			isa = PBXShellScriptBuildPhase;
			buildActionMask = 2147483647;
			files = (
			);
			inputFileListPaths = (
			);
			inputPaths = (
				"${PODS_PODFILE_DIR_PATH}/Podfile.lock",
				"${PODS_ROOT}/Manifest.lock",
			);
			name = "[CP] Check Pods Manifest.lock";
			outputFileListPaths = (
			);
			outputPaths = (
				"$(DERIVED_FILE_DIR)/Pods-AEPAnalytics-checkManifestLockResult.txt",
			);
			runOnlyForDeploymentPostprocessing = 0;
			shellPath = /bin/sh;
			shellScript = "diff \"${PODS_PODFILE_DIR_PATH}/Podfile.lock\" \"${PODS_ROOT}/Manifest.lock\" > /dev/null\nif [ $? != 0 ] ; then\n    # print error to STDERR\n    echo \"error: The sandbox is not in sync with the Podfile.lock. Run 'pod install' or update your CocoaPods installation.\" >&2\n    exit 1\nfi\n# This output is used by Xcode 'outputs' to avoid re-running this script phase.\necho \"SUCCESS\" > \"${SCRIPT_OUTPUT_FILE_0}\"\n";
			showEnvVarsInLog = 0;
		};
		F26D62846193C0162D554CC5 /* [CP] Embed Pods Frameworks */ = {
			isa = PBXShellScriptBuildPhase;
			buildActionMask = 2147483647;
			files = (
			);
			inputFileListPaths = (
				"${PODS_ROOT}/Target Support Files/Pods-AEPAnalyticsUnitTests/Pods-AEPAnalyticsUnitTests-frameworks-${CONFIGURATION}-input-files.xcfilelist",
			);
			name = "[CP] Embed Pods Frameworks";
			outputFileListPaths = (
				"${PODS_ROOT}/Target Support Files/Pods-AEPAnalyticsUnitTests/Pods-AEPAnalyticsUnitTests-frameworks-${CONFIGURATION}-output-files.xcfilelist",
			);
			runOnlyForDeploymentPostprocessing = 0;
			shellPath = /bin/sh;
			shellScript = "\"${PODS_ROOT}/Target Support Files/Pods-AEPAnalyticsUnitTests/Pods-AEPAnalyticsUnitTests-frameworks.sh\"\n";
			showEnvVarsInLog = 0;
		};
/* End PBXShellScriptBuildPhase section */

/* Begin PBXSourcesBuildPhase section */
		2EBEE76C2525A35300880E72 /* Sources */ = {
			isa = PBXSourcesBuildPhase;
			buildActionMask = 2147483647;
			files = (
				3D1D45AD2537B0990053CB47 /* AnalyticsState.swift in Sources */,
				AC277CFF252C23E600987C67 /* AnalyticsConstants.swift in Sources */,
				3DCDB3DF252E853200ABA819 /* AnalyticsProperties.swift in Sources */,
				D67AC98C2578285F000FA306 /* AnalyticsHitResponse.swift in Sources */,
				2ED53FED255F37B1000F0B23 /* AnalyticsHitProcessor.swift in Sources */,
				AC0BF6F725CE1B3E00182896 /* AnalyticsDatabase.swift in Sources */,
				3DAA40BB2548C58100703509 /* ContextData.swift in Sources */,
				AC277CFE252C23E600987C67 /* Analytics.swift in Sources */,
				AC0BF70D25D46B8400182896 /* AnalyticsHelper.swift in Sources */,
				3D1D45AF25391B410053CB47 /* AnalyticsRequestSerializer.swift in Sources */,
				AC26B14125E8BDCF008AC68F /* URL+Analytics.swift in Sources */,
				3D1D45B625425F240053CB47 /* ContextDataUtil.swift in Sources */,
				AC277D01252C23E600987C67 /* Analytics+PublicAPI.swift in Sources */,
				2ED53FE9255F37A4000F0B23 /* AnalyticsHit.swift in Sources */,
				3DD8E6FC256F0BC2009234FD /* AnalyticsTimer.swift in Sources */,
				D639E23625B8B25600955FBA /* AnalyticsVersion.swift in Sources */,
				AC0BF6D225CDAA5900182896 /* AnalyticsMigrator.swift in Sources */,
			);
			runOnlyForDeploymentPostprocessing = 0;
		};
		2EBEE7752525A35400880E72 /* Sources */ = {
			isa = PBXSourcesBuildPhase;
			buildActionMask = 2147483647;
			files = (
				AC73D32725E5C8730068AB96 /* AnalyticsMigratorTests.swift in Sources */,
				AC26B15025E8CAA0008AC68F /* URL+AnalyticsTests.swift in Sources */,
				AC73D33A25E5C8730068AB96 /* MockDataStore.swift in Sources */,
				AC73D32D25E5C8730068AB96 /* AnalyticsAPITests.swift in Sources */,
				AC73D32B25E5C8730068AB96 /* AnalyticsStateTests.swift in Sources */,
				AC73D32C25E5C8730068AB96 /* AnalyticsVersionTests.swift in Sources */,
				AC73D33925E5C8730068AB96 /* MockExtension.swift in Sources */,
				AC73D33325E5C8730068AB96 /* TestableExtensionRuntime.swift in Sources */,
				AC73D32A25E5C8730068AB96 /* AnalyticsHitProcessorTests.swift in Sources */,
				AC73D33225E5C8730068AB96 /* MockDataQueuing.swift in Sources */,
				AC73D33C25E5C8730068AB96 /* TestHelper.swift in Sources */,
				AC73D33125E5C8730068AB96 /* AnalyticsTestConstants.swift in Sources */,
				AC73D33725E5C8730068AB96 /* MockHitProcessor.swift in Sources */,
				AC73D32E25E5C8730068AB96 /* ContextDataUtilTests.swift in Sources */,
				AC73D32925E5C8730068AB96 /* AnalyticsDatabaseTests.swift in Sources */,
				AC73D33B25E5C8730068AB96 /* MockDataQueue.swift in Sources */,
				AC73D33D25E5C8730068AB96 /* TestUtils.swift in Sources */,
				AC73D33525E5C8730068AB96 /* MockNetworking.swift in Sources */,
				AC73D33825E5C8730068AB96 /* AnalyticsRequestHelper.swift in Sources */,
				AC73D33025E5C8730068AB96 /* AnalyticsRequestSerializerTests.swift in Sources */,
				AC73D32F25E5C8730068AB96 /* AnalyticsPropertiesTest.swift in Sources */,
			);
			runOnlyForDeploymentPostprocessing = 0;
		};
		AC73D3B225E6F4E50068AB96 /* Sources */ = {
			isa = PBXSourcesBuildPhase;
			buildActionMask = 2147483647;
			files = (
				AC73D3D225E6F5010068AB96 /* AnalyticsQueueTests.swift in Sources */,
				AC26B11F25E76782008AC68F /* AnalyticsTrack+ConfigurationTests.swift in Sources */,
				AC73D3E525E6F5060068AB96 /* MockDataStore.swift in Sources */,
				AC73D3E225E6F5060068AB96 /* AnalyticsRequestHelper.swift in Sources */,
				AC73D3CE25E6F5010068AB96 /* AnalyticsTrack+PlacesTests.swift in Sources */,
				AC73D3DE25E6F5060068AB96 /* TestHelper.swift in Sources */,
				AC73D3E725E6F5060068AB96 /* MockDataQueue.swift in Sources */,
				AC73D3E125E6F5060068AB96 /* MockNetworking.swift in Sources */,
				AC73D3D025E6F5010068AB96 /* AnalyticsIDTests.swift in Sources */,
				AC73D3D125E6F5010068AB96 /* AnalyticsTrack+AssuranceTests.swift in Sources */,
				D6F54EED2612452E000362D1 /* AnalyticsTrack+TargetTests.swift in Sources */,
				AC73D3D325E6F5010068AB96 /* AnalyticsFunctionalTestBase.swift in Sources */,
				AC73D3E825E6F5060068AB96 /* MockDataQueuing.swift in Sources */,
				AC26B11E25E76782008AC68F /* AnalyticsHitReorderTests.swift in Sources */,
				AC73D40D25E7016F0068AB96 /* AnalyticsTrackTests.swift in Sources */,
				AC73D3D425E6F5010068AB96 /* AnalyticsConsequenceTests.swift in Sources */,
				AC73D3E025E6F5060068AB96 /* TestableExtensionRuntime.swift in Sources */,
				AC73D3E325E6F5060068AB96 /* AnalyticsTestConstants.swift in Sources */,
				AC73D3DF25E6F5060068AB96 /* MockExtension.swift in Sources */,
				AC73D3DD25E6F5060068AB96 /* MockHitProcessor.swift in Sources */,
				AC73D3CD25E6F5010068AB96 /* AnalyticsTrack+LifecycleTests.swift in Sources */,
				AC73D3E625E6F5060068AB96 /* TestUtils.swift in Sources */,
			);
			runOnlyForDeploymentPostprocessing = 0;
		};
		D6D5F35225C8806D008148B3 /* Sources */ = {
			isa = PBXSourcesBuildPhase;
			buildActionMask = 2147483647;
			files = (
				D6D5F35925C8806D008148B3 /* AppDelegate.swift in Sources */,
				D6D5F35B25C8806D008148B3 /* SceneDelegate.swift in Sources */,
				D6D5F35D25C8806D008148B3 /* AnalyticsView.swift in Sources */,
			);
			runOnlyForDeploymentPostprocessing = 0;
		};
/* End PBXSourcesBuildPhase section */

/* Begin PBXTargetDependency section */
		2EBEE77C2525A35400880E72 /* PBXTargetDependency */ = {
			isa = PBXTargetDependency;
			target = 2EBEE76F2525A35300880E72 /* AEPAnalytics */;
			targetProxy = 2EBEE77B2525A35400880E72 /* PBXContainerItemProxy */;
		};
		AC73D3BD25E6F4E50068AB96 /* PBXTargetDependency */ = {
			isa = PBXTargetDependency;
			target = 2EBEE76F2525A35300880E72 /* AEPAnalytics */;
			targetProxy = AC73D3BC25E6F4E50068AB96 /* PBXContainerItemProxy */;
		};
		D6D5F38525C88465008148B3 /* PBXTargetDependency */ = {
			isa = PBXTargetDependency;
			target = 2EBEE76F2525A35300880E72 /* AEPAnalytics */;
			targetProxy = D6D5F38425C88465008148B3 /* PBXContainerItemProxy */;
		};
/* End PBXTargetDependency section */

/* Begin PBXVariantGroup section */
		D6D5F36325C88070008148B3 /* LaunchScreen.storyboard */ = {
			isa = PBXVariantGroup;
			children = (
				D6D5F36425C88070008148B3 /* Base */,
			);
			name = LaunchScreen.storyboard;
			sourceTree = "<group>";
		};
/* End PBXVariantGroup section */

/* Begin XCBuildConfiguration section */
		2EBEE7822525A35400880E72 /* Debug */ = {
			isa = XCBuildConfiguration;
			buildSettings = {
				ALWAYS_SEARCH_USER_PATHS = NO;
				CLANG_ANALYZER_NONNULL = YES;
				CLANG_ANALYZER_NUMBER_OBJECT_CONVERSION = YES_AGGRESSIVE;
				CLANG_CXX_LANGUAGE_STANDARD = "gnu++14";
				CLANG_CXX_LIBRARY = "libc++";
				CLANG_ENABLE_MODULES = YES;
				CLANG_ENABLE_OBJC_ARC = YES;
				CLANG_ENABLE_OBJC_WEAK = YES;
				CLANG_WARN_BLOCK_CAPTURE_AUTORELEASING = YES;
				CLANG_WARN_BOOL_CONVERSION = YES;
				CLANG_WARN_COMMA = YES;
				CLANG_WARN_CONSTANT_CONVERSION = YES;
				CLANG_WARN_DEPRECATED_OBJC_IMPLEMENTATIONS = YES;
				CLANG_WARN_DIRECT_OBJC_ISA_USAGE = YES_ERROR;
				CLANG_WARN_DOCUMENTATION_COMMENTS = YES;
				CLANG_WARN_EMPTY_BODY = YES;
				CLANG_WARN_ENUM_CONVERSION = YES;
				CLANG_WARN_INFINITE_RECURSION = YES;
				CLANG_WARN_INT_CONVERSION = YES;
				CLANG_WARN_NON_LITERAL_NULL_CONVERSION = YES;
				CLANG_WARN_OBJC_IMPLICIT_RETAIN_SELF = YES;
				CLANG_WARN_OBJC_LITERAL_CONVERSION = YES;
				CLANG_WARN_OBJC_ROOT_CLASS = YES_ERROR;
				CLANG_WARN_QUOTED_INCLUDE_IN_FRAMEWORK_HEADER = YES;
				CLANG_WARN_RANGE_LOOP_ANALYSIS = YES;
				CLANG_WARN_STRICT_PROTOTYPES = YES;
				CLANG_WARN_SUSPICIOUS_MOVE = YES;
				CLANG_WARN_UNGUARDED_AVAILABILITY = YES_AGGRESSIVE;
				CLANG_WARN_UNREACHABLE_CODE = YES;
				CLANG_WARN__DUPLICATE_METHOD_MATCH = YES;
				COPY_PHASE_STRIP = NO;
				CURRENT_PROJECT_VERSION = 1;
				DEBUG_INFORMATION_FORMAT = dwarf;
				ENABLE_STRICT_OBJC_MSGSEND = YES;
				ENABLE_TESTABILITY = YES;
				GCC_C_LANGUAGE_STANDARD = gnu11;
				GCC_DYNAMIC_NO_PIC = NO;
				GCC_NO_COMMON_BLOCKS = YES;
				GCC_OPTIMIZATION_LEVEL = 0;
				GCC_PREPROCESSOR_DEFINITIONS = (
					"DEBUG=1",
					"$(inherited)",
				);
				GCC_WARN_64_TO_32_BIT_CONVERSION = YES;
				GCC_WARN_ABOUT_RETURN_TYPE = YES_ERROR;
				GCC_WARN_UNDECLARED_SELECTOR = YES;
				GCC_WARN_UNINITIALIZED_AUTOS = YES_AGGRESSIVE;
				GCC_WARN_UNUSED_FUNCTION = YES;
				GCC_WARN_UNUSED_VARIABLE = YES;
				IPHONEOS_DEPLOYMENT_TARGET = 10.0;
				MACH_O_TYPE = mh_dylib;
				MTL_ENABLE_DEBUG_INFO = INCLUDE_SOURCE;
				MTL_FAST_MATH = YES;
				ONLY_ACTIVE_ARCH = YES;
				SDKROOT = iphoneos;
				SWIFT_ACTIVE_COMPILATION_CONDITIONS = DEBUG;
				SWIFT_OPTIMIZATION_LEVEL = "-Onone";
				VERSIONING_SYSTEM = "apple-generic";
				VERSION_INFO_PREFIX = "";
			};
			name = Debug;
		};
		2EBEE7832525A35400880E72 /* Release */ = {
			isa = XCBuildConfiguration;
			buildSettings = {
				ALWAYS_SEARCH_USER_PATHS = NO;
				CLANG_ANALYZER_NONNULL = YES;
				CLANG_ANALYZER_NUMBER_OBJECT_CONVERSION = YES_AGGRESSIVE;
				CLANG_CXX_LANGUAGE_STANDARD = "gnu++14";
				CLANG_CXX_LIBRARY = "libc++";
				CLANG_ENABLE_MODULES = YES;
				CLANG_ENABLE_OBJC_ARC = YES;
				CLANG_ENABLE_OBJC_WEAK = YES;
				CLANG_WARN_BLOCK_CAPTURE_AUTORELEASING = YES;
				CLANG_WARN_BOOL_CONVERSION = YES;
				CLANG_WARN_COMMA = YES;
				CLANG_WARN_CONSTANT_CONVERSION = YES;
				CLANG_WARN_DEPRECATED_OBJC_IMPLEMENTATIONS = YES;
				CLANG_WARN_DIRECT_OBJC_ISA_USAGE = YES_ERROR;
				CLANG_WARN_DOCUMENTATION_COMMENTS = YES;
				CLANG_WARN_EMPTY_BODY = YES;
				CLANG_WARN_ENUM_CONVERSION = YES;
				CLANG_WARN_INFINITE_RECURSION = YES;
				CLANG_WARN_INT_CONVERSION = YES;
				CLANG_WARN_NON_LITERAL_NULL_CONVERSION = YES;
				CLANG_WARN_OBJC_IMPLICIT_RETAIN_SELF = YES;
				CLANG_WARN_OBJC_LITERAL_CONVERSION = YES;
				CLANG_WARN_OBJC_ROOT_CLASS = YES_ERROR;
				CLANG_WARN_QUOTED_INCLUDE_IN_FRAMEWORK_HEADER = YES;
				CLANG_WARN_RANGE_LOOP_ANALYSIS = YES;
				CLANG_WARN_STRICT_PROTOTYPES = YES;
				CLANG_WARN_SUSPICIOUS_MOVE = YES;
				CLANG_WARN_UNGUARDED_AVAILABILITY = YES_AGGRESSIVE;
				CLANG_WARN_UNREACHABLE_CODE = YES;
				CLANG_WARN__DUPLICATE_METHOD_MATCH = YES;
				COPY_PHASE_STRIP = NO;
				CURRENT_PROJECT_VERSION = 1;
				DEBUG_INFORMATION_FORMAT = "dwarf-with-dsym";
				ENABLE_NS_ASSERTIONS = NO;
				ENABLE_STRICT_OBJC_MSGSEND = YES;
				GCC_C_LANGUAGE_STANDARD = gnu11;
				GCC_NO_COMMON_BLOCKS = YES;
				GCC_WARN_64_TO_32_BIT_CONVERSION = YES;
				GCC_WARN_ABOUT_RETURN_TYPE = YES_ERROR;
				GCC_WARN_UNDECLARED_SELECTOR = YES;
				GCC_WARN_UNINITIALIZED_AUTOS = YES_AGGRESSIVE;
				GCC_WARN_UNUSED_FUNCTION = YES;
				GCC_WARN_UNUSED_VARIABLE = YES;
				IPHONEOS_DEPLOYMENT_TARGET = 10.0;
				MACH_O_TYPE = mh_dylib;
				MTL_ENABLE_DEBUG_INFO = NO;
				MTL_FAST_MATH = YES;
				SDKROOT = iphoneos;
				SWIFT_COMPILATION_MODE = wholemodule;
				SWIFT_OPTIMIZATION_LEVEL = "-O";
				VALIDATE_PRODUCT = YES;
				VERSIONING_SYSTEM = "apple-generic";
				VERSION_INFO_PREFIX = "";
			};
			name = Release;
		};
		2EBEE7852525A35400880E72 /* Debug */ = {
			isa = XCBuildConfiguration;
			baseConfigurationReference = 2D24C61FB42A1BDE18FCC7C9 /* Pods-AEPAnalytics.debug.xcconfig */;
			buildSettings = {
				BUILD_LIBRARY_FOR_DISTRIBUTION = YES;
				CODE_SIGN_STYLE = Automatic;
				DEFINES_MODULE = YES;
				DYLIB_COMPATIBILITY_VERSION = 1;
				DYLIB_CURRENT_VERSION = 1;
				DYLIB_INSTALL_NAME_BASE = "@rpath";
				INFOPLIST_FILE = "$(SRCROOT)/AEPAnalytics/Sources/Info.plist";
				INSTALL_PATH = "$(LOCAL_LIBRARY_DIR)/Frameworks";
				IPHONEOS_DEPLOYMENT_TARGET = 10.0;
				LD_RUNPATH_SEARCH_PATHS = (
					"$(inherited)",
					"@executable_path/Frameworks",
					"@loader_path/Frameworks",
				);
				PRODUCT_BUNDLE_IDENTIFIER = com.adobe.mobile.AEPAnalytics;
				PRODUCT_NAME = "$(TARGET_NAME:c99extidentifier)";
				SKIP_INSTALL = YES;
				SUPPORTS_MACCATALYST = YES;
				SWIFT_VERSION = 5.0;
				TARGETED_DEVICE_FAMILY = "1,2";
			};
			name = Debug;
		};
		2EBEE7862525A35400880E72 /* Release */ = {
			isa = XCBuildConfiguration;
			baseConfigurationReference = EF12C9A6B24908684CC8EA6C /* Pods-AEPAnalytics.release.xcconfig */;
			buildSettings = {
				BUILD_LIBRARY_FOR_DISTRIBUTION = YES;
				CODE_SIGN_STYLE = Automatic;
				DEFINES_MODULE = YES;
				DYLIB_COMPATIBILITY_VERSION = 1;
				DYLIB_CURRENT_VERSION = 1;
				DYLIB_INSTALL_NAME_BASE = "@rpath";
				ENABLE_TESTABILITY = NO;
				INFOPLIST_FILE = "$(SRCROOT)/AEPAnalytics/Sources/Info.plist";
				INSTALL_PATH = "$(LOCAL_LIBRARY_DIR)/Frameworks";
				IPHONEOS_DEPLOYMENT_TARGET = 10.0;
				LD_RUNPATH_SEARCH_PATHS = (
					"$(inherited)",
					"@executable_path/Frameworks",
					"@loader_path/Frameworks",
				);
				PRODUCT_BUNDLE_IDENTIFIER = com.adobe.mobile.AEPAnalytics;
				PRODUCT_NAME = "$(TARGET_NAME:c99extidentifier)";
				SKIP_INSTALL = YES;
				SUPPORTS_MACCATALYST = YES;
				SWIFT_VERSION = 5.0;
				TARGETED_DEVICE_FAMILY = "1,2";
			};
			name = Release;
		};
		2EBEE7882525A35400880E72 /* Debug */ = {
			isa = XCBuildConfiguration;
			baseConfigurationReference = 7F67C440D2E79632BFEE85A7 /* Pods-AEPAnalyticsUnitTests.debug.xcconfig */;
			buildSettings = {
				ALWAYS_EMBED_SWIFT_STANDARD_LIBRARIES = YES;
				CLANG_ENABLE_MODULES = YES;
				CODE_SIGN_STYLE = Automatic;
				DEVELOPMENT_TEAM = FKGEE875K4;
				INFOPLIST_FILE = AEPAnalytics/Tests/Info.plist;
				IPHONEOS_DEPLOYMENT_TARGET = 10.0;
				LD_RUNPATH_SEARCH_PATHS = (
					"$(inherited)",
					"@executable_path/Frameworks",
					"@loader_path/Frameworks",
				);
				MACH_O_TYPE = mh_bundle;
				PRODUCT_BUNDLE_IDENTIFIER = Adobe.AEPAnalyticsTests;
				PRODUCT_NAME = "$(TARGET_NAME)";
				SWIFT_OPTIMIZATION_LEVEL = "-Onone";
				SWIFT_VERSION = 5.0;
				TARGETED_DEVICE_FAMILY = "1,2";
				TVOS_DEPLOYMENT_TARGET = 10.0;
			};
			name = Debug;
		};
		2EBEE7892525A35400880E72 /* Release */ = {
			isa = XCBuildConfiguration;
			baseConfigurationReference = 4FB729EA9494DA855AD93AA6 /* Pods-AEPAnalyticsUnitTests.release.xcconfig */;
			buildSettings = {
				ALWAYS_EMBED_SWIFT_STANDARD_LIBRARIES = YES;
				CLANG_ENABLE_MODULES = YES;
				CODE_SIGN_STYLE = Automatic;
				DEVELOPMENT_TEAM = FKGEE875K4;
				INFOPLIST_FILE = AEPAnalytics/Tests/Info.plist;
				IPHONEOS_DEPLOYMENT_TARGET = 10.0;
				LD_RUNPATH_SEARCH_PATHS = (
					"$(inherited)",
					"@executable_path/Frameworks",
					"@loader_path/Frameworks",
				);
				MACH_O_TYPE = mh_bundle;
				PRODUCT_BUNDLE_IDENTIFIER = Adobe.AEPAnalyticsTests;
				PRODUCT_NAME = "$(TARGET_NAME)";
				SWIFT_VERSION = 5.0;
				TARGETED_DEVICE_FAMILY = "1,2";
				TVOS_DEPLOYMENT_TARGET = 10.0;
			};
			name = Release;
		};
		AC73D3BF25E6F4E50068AB96 /* Debug */ = {
			isa = XCBuildConfiguration;
			baseConfigurationReference = C6E8A785E3798BE1F32F63B1 /* Pods-AEPAnalyticsFunctionalTests.debug.xcconfig */;
			buildSettings = {
				CODE_SIGN_STYLE = Automatic;
				INFOPLIST_FILE = AEPAnalytics/Tests/Info.plist;
				IPHONEOS_DEPLOYMENT_TARGET = 14.1;
				LD_RUNPATH_SEARCH_PATHS = (
					"$(inherited)",
					"@executable_path/Frameworks",
					"@loader_path/Frameworks",
				);
				PRODUCT_BUNDLE_IDENTIFIER = Adobe.AEPAnalyticsFunctionalTests;
				PRODUCT_NAME = "$(TARGET_NAME)";
				SWIFT_VERSION = 5.0;
				TARGETED_DEVICE_FAMILY = "1,2";
			};
			name = Debug;
		};
		AC73D3C025E6F4E50068AB96 /* Release */ = {
			isa = XCBuildConfiguration;
			baseConfigurationReference = 845BEE17572EAEA667ADEB5F /* Pods-AEPAnalyticsFunctionalTests.release.xcconfig */;
			buildSettings = {
				CODE_SIGN_STYLE = Automatic;
				INFOPLIST_FILE = AEPAnalytics/Tests/Info.plist;
				IPHONEOS_DEPLOYMENT_TARGET = 14.1;
				LD_RUNPATH_SEARCH_PATHS = (
					"$(inherited)",
					"@executable_path/Frameworks",
					"@loader_path/Frameworks",
				);
				PRODUCT_BUNDLE_IDENTIFIER = Adobe.AEPAnalyticsFunctionalTests;
				PRODUCT_NAME = "$(TARGET_NAME)";
				SWIFT_VERSION = 5.0;
				TARGETED_DEVICE_FAMILY = "1,2";
			};
			name = Release;
		};
		D6D5F36725C88070008148B3 /* Debug */ = {
			isa = XCBuildConfiguration;
			baseConfigurationReference = CE85C4421313D5BBE96D5060 /* Pods-AnalyticsSampleApp.debug.xcconfig */;
			buildSettings = {
				ASSETCATALOG_COMPILER_APPICON_NAME = AppIcon;
				ASSETCATALOG_COMPILER_GLOBAL_ACCENT_COLOR_NAME = AccentColor;
				CODE_SIGN_IDENTITY = "Apple Development";
				CODE_SIGN_STYLE = Automatic;
				DEVELOPMENT_ASSET_PATHS = "\"AnalyticsSampleApp/Preview Content\"";
				DEVELOPMENT_TEAM = "";
				ENABLE_PREVIEWS = YES;
				INFOPLIST_FILE = AnalyticsSampleApp/Info.plist;
				IPHONEOS_DEPLOYMENT_TARGET = 13.0;
				LD_RUNPATH_SEARCH_PATHS = (
					"$(inherited)",
					"@executable_path/Frameworks",
				);
				MACH_O_TYPE = mh_execute;
				PRODUCT_BUNDLE_IDENTIFIER = com.adobe.AnalyticsSampleApp;
				PRODUCT_NAME = "$(TARGET_NAME)";
				PROVISIONING_PROFILE_SPECIFIER = "";
				SWIFT_VERSION = 5.0;
				TARGETED_DEVICE_FAMILY = "1,2";
			};
			name = Debug;
		};
		D6D5F36825C88070008148B3 /* Release */ = {
			isa = XCBuildConfiguration;
			baseConfigurationReference = F09743C2FA04519BE26C974E /* Pods-AnalyticsSampleApp.release.xcconfig */;
			buildSettings = {
				ASSETCATALOG_COMPILER_APPICON_NAME = AppIcon;
				ASSETCATALOG_COMPILER_GLOBAL_ACCENT_COLOR_NAME = AccentColor;
				CODE_SIGN_IDENTITY = "Apple Development";
				CODE_SIGN_STYLE = Automatic;
				DEVELOPMENT_ASSET_PATHS = "\"AnalyticsSampleApp/Preview Content\"";
				DEVELOPMENT_TEAM = "";
				ENABLE_PREVIEWS = YES;
				INFOPLIST_FILE = AnalyticsSampleApp/Info.plist;
				IPHONEOS_DEPLOYMENT_TARGET = 13.0;
				LD_RUNPATH_SEARCH_PATHS = (
					"$(inherited)",
					"@executable_path/Frameworks",
				);
				MACH_O_TYPE = mh_execute;
				PRODUCT_BUNDLE_IDENTIFIER = com.adobe.AnalyticsSampleApp;
				PRODUCT_NAME = "$(TARGET_NAME)";
				PROVISIONING_PROFILE_SPECIFIER = "";
				SWIFT_VERSION = 5.0;
				TARGETED_DEVICE_FAMILY = "1,2";
			};
			name = Release;
		};
/* End XCBuildConfiguration section */

/* Begin XCConfigurationList section */
		2EBEE76A2525A35300880E72 /* Build configuration list for PBXProject "AEPAnalytics" */ = {
			isa = XCConfigurationList;
			buildConfigurations = (
				2EBEE7822525A35400880E72 /* Debug */,
				2EBEE7832525A35400880E72 /* Release */,
			);
			defaultConfigurationIsVisible = 0;
			defaultConfigurationName = Release;
		};
		2EBEE7842525A35400880E72 /* Build configuration list for PBXNativeTarget "AEPAnalytics" */ = {
			isa = XCConfigurationList;
			buildConfigurations = (
				2EBEE7852525A35400880E72 /* Debug */,
				2EBEE7862525A35400880E72 /* Release */,
			);
			defaultConfigurationIsVisible = 0;
			defaultConfigurationName = Release;
		};
		2EBEE7872525A35400880E72 /* Build configuration list for PBXNativeTarget "AEPAnalyticsUnitTests" */ = {
			isa = XCConfigurationList;
			buildConfigurations = (
				2EBEE7882525A35400880E72 /* Debug */,
				2EBEE7892525A35400880E72 /* Release */,
			);
			defaultConfigurationIsVisible = 0;
			defaultConfigurationName = Release;
		};
		AC73D3BE25E6F4E50068AB96 /* Build configuration list for PBXNativeTarget "AEPAnalyticsFunctionalTests" */ = {
			isa = XCConfigurationList;
			buildConfigurations = (
				AC73D3BF25E6F4E50068AB96 /* Debug */,
				AC73D3C025E6F4E50068AB96 /* Release */,
			);
			defaultConfigurationIsVisible = 0;
			defaultConfigurationName = Release;
		};
		D6D5F36925C88070008148B3 /* Build configuration list for PBXNativeTarget "AnalyticsSampleApp" */ = {
			isa = XCConfigurationList;
			buildConfigurations = (
				D6D5F36725C88070008148B3 /* Debug */,
				D6D5F36825C88070008148B3 /* Release */,
			);
			defaultConfigurationIsVisible = 0;
			defaultConfigurationName = Release;
		};
/* End XCConfigurationList section */
	};
	rootObject = 2EBEE7672525A35300880E72 /* Project object */;
}
